{
  "version": 4,
  "terraform_version": "1.5.7",
  "serial": 107,
  "lineage": "bbb2b337-b5f8-3d9c-e893-c276c5e4f9f3",
  "outputs": {
    "alb_arn": {
      "value": null,
      "type": "string"
    },
    "alb_dns_name": {
      "value": null,
      "type": "string"
    },
    "backend_secrets_arn": {
      "value": "arn:aws:secretsmanager:us-east-1:566287346479:secret:nerava/backend/database-ZIdonM",
      "type": "string",
      "sensitive": true
    },
    "ecr_repository_urls": {
      "value": {
        "admin": "566287346479.dkr.ecr.us-east-1.amazonaws.com/nerava/admin",
        "backend": "566287346479.dkr.ecr.us-east-1.amazonaws.com/nerava/backend",
        "driver": "566287346479.dkr.ecr.us-east-1.amazonaws.com/nerava/driver",
        "landing": "566287346479.dkr.ecr.us-east-1.amazonaws.com/nerava/landing",
        "merchant": "566287346479.dkr.ecr.us-east-1.amazonaws.com/nerava/merchant"
      },
      "type": [
        "object",
        {
          "admin": "string",
          "backend": "string",
          "driver": "string",
          "landing": "string",
          "merchant": "string"
        }
      ]
    },
    "ecs_cluster_arn": {
      "value": "arn:aws:ecs:us-east-1:566287346479:cluster/nerava-cluster",
      "type": "string"
    },
    "ecs_cluster_name": {
      "value": "nerava-cluster",
      "type": "string"
    },
    "private_subnet_ids": {
      "value": [
        "subnet-09e93ac439f055433",
        "subnet-0799f57a84cdb0671"
      ],
      "type": [
        "tuple",
        [
          "string",
          "string"
        ]
      ]
    },
    "public_subnet_ids": {
      "value": [
        "subnet-056d4f7ed5134d6ba",
        "subnet-0444f08a2c28cb5b6"
      ],
      "type": [
        "tuple",
        [
          "string",
          "string"
        ]
      ]
    },
    "rds_address": {
      "value": "nerava-db.c27i820wot9o.us-east-1.rds.amazonaws.com",
      "type": "string"
    },
    "rds_endpoint": {
      "value": "nerava-db.c27i820wot9o.us-east-1.rds.amazonaws.com:5432",
      "type": "string"
    },
    "route53_zone_id": {
      "value": "Z03087823KHR6VJQ9AGZL",
      "type": "string"
    },
    "vpc_cidr": {
      "value": "10.0.0.0/16",
      "type": "string"
    },
    "vpc_id": {
      "value": "vpc-0abebbfe3f8e8c5d9",
      "type": "string"
    }
  },
  "resources": [
    {
      "mode": "data",
      "type": "aws_secretsmanager_secret",
      "name": "backend_tesla",
      "provider": "provider[\"registry.terraform.io/hashicorp/aws\"]",
      "instances": [
        {
          "schema_version": 0,
          "attributes": {
            "arn": "arn:aws:secretsmanager:us-east-1:566287346479:secret:nerava/backend/tesla-uRvbF4",
            "created_date": "2026-02-17T15:55:04Z",
            "description": "Tesla Fleet API credentials",
            "id": "arn:aws:secretsmanager:us-east-1:566287346479:secret:nerava/backend/tesla-uRvbF4",
            "kms_key_id": "",
            "last_changed_date": "2026-02-17T15:55:04Z",
            "name": "nerava/backend/tesla",
            "policy": "",
            "tags": {}
          },
          "sensitive_attributes": []
        }
      ]
    },
    {
      "mode": "managed",
      "type": "aws_acm_certificate",
      "name": "main",
      "provider": "provider[\"registry.terraform.io/hashicorp/aws\"]",
      "instances": [
        {
          "index_key": 0,
          "schema_version": 0,
          "attributes": {
            "arn": "arn:aws:acm:us-east-1:566287346479:certificate/9abd6168-db05-4455-b53b-0b3d397da70d",
            "certificate_authority_arn": "",
            "certificate_body": null,
            "certificate_chain": null,
            "domain_name": "nerava.network",
            "domain_validation_options": [
              {
                "domain_name": "*.nerava.network",
                "resource_record_name": "_7f3f76687f1fdce099aac1c95e50b99b.nerava.network.",
                "resource_record_type": "CNAME",
                "resource_record_value": "_4ea9712d4b0c50a1e3675e1c0b2d1c03.jkddzztszm.acm-validations.aws."
              },
              {
                "domain_name": "nerava.network",
                "resource_record_name": "_7f3f76687f1fdce099aac1c95e50b99b.nerava.network.",
                "resource_record_type": "CNAME",
                "resource_record_value": "_4ea9712d4b0c50a1e3675e1c0b2d1c03.jkddzztszm.acm-validations.aws."
              }
            ],
            "early_renewal_duration": "",
            "id": "arn:aws:acm:us-east-1:566287346479:certificate/9abd6168-db05-4455-b53b-0b3d397da70d",
            "key_algorithm": "RSA_2048",
            "not_after": "",
            "not_before": "",
            "options": [
              {
                "certificate_transparency_logging_preference": "ENABLED"
              }
            ],
            "pending_renewal": false,
            "private_key": null,
            "renewal_eligibility": "INELIGIBLE",
            "renewal_summary": [],
            "status": "PENDING_VALIDATION",
            "subject_alternative_names": [
              "*.nerava.network",
              "nerava.network"
            ],
            "tags": {
              "Name": "nerava-cert"
            },
            "tags_all": {
              "Environment": "prod",
              "ManagedBy": "Terraform",
              "Name": "nerava-cert",
              "Project": "Nerava"
            },
            "type": "AMAZON_ISSUED",
            "validation_emails": [],
            "validation_method": "DNS",
            "validation_option": []
          },
          "sensitive_attributes": [],
          "private": "bnVsbA==",
          "create_before_destroy": true
        }
      ]
    },
    {
      "mode": "managed",
      "type": "aws_cloudwatch_log_group",
      "name": "admin",
      "provider": "provider[\"registry.terraform.io/hashicorp/aws\"]",
      "instances": [
        {
          "schema_version": 0,
          "attributes": {
            "arn": "arn:aws:logs:us-east-1:566287346479:log-group:/ecs/nerava-admin",
            "id": "/ecs/nerava-admin",
            "kms_key_id": "",
            "log_group_class": "STANDARD",
            "name": "/ecs/nerava-admin",
            "name_prefix": "",
            "retention_in_days": 7,
            "skip_destroy": false,
            "tags": {
              "Name": "nerava-admin-logs"
            },
            "tags_all": {
              "Environment": "prod",
              "ManagedBy": "Terraform",
              "Name": "nerava-admin-logs",
              "Project": "Nerava"
            }
          },
          "sensitive_attributes": [],
          "private": "bnVsbA=="
        }
      ]
    },
    {
      "mode": "managed",
      "type": "aws_cloudwatch_log_group",
      "name": "backend",
      "provider": "provider[\"registry.terraform.io/hashicorp/aws\"]",
      "instances": [
        {
          "schema_version": 0,
          "attributes": {
            "arn": "arn:aws:logs:us-east-1:566287346479:log-group:/ecs/nerava-backend",
            "id": "/ecs/nerava-backend",
            "kms_key_id": "",
            "log_group_class": "STANDARD",
            "name": "/ecs/nerava-backend",
            "name_prefix": "",
            "retention_in_days": 7,
            "skip_destroy": false,
            "tags": {
              "Name": "nerava-backend-logs"
            },
            "tags_all": {
              "Environment": "prod",
              "ManagedBy": "Terraform",
              "Name": "nerava-backend-logs",
              "Project": "Nerava"
            }
          },
          "sensitive_attributes": [],
          "private": "bnVsbA=="
        }
      ]
    },
    {
      "mode": "managed",
      "type": "aws_cloudwatch_log_group",
      "name": "driver",
      "provider": "provider[\"registry.terraform.io/hashicorp/aws\"]",
      "instances": [
        {
          "schema_version": 0,
          "attributes": {
            "arn": "arn:aws:logs:us-east-1:566287346479:log-group:/ecs/nerava-driver",
            "id": "/ecs/nerava-driver",
            "kms_key_id": "",
            "log_group_class": "STANDARD",
            "name": "/ecs/nerava-driver",
            "name_prefix": "",
            "retention_in_days": 7,
            "skip_destroy": false,
            "tags": {
              "Name": "nerava-driver-logs"
            },
            "tags_all": {
              "Environment": "prod",
              "ManagedBy": "Terraform",
              "Name": "nerava-driver-logs",
              "Project": "Nerava"
            }
          },
          "sensitive_attributes": [],
          "private": "bnVsbA=="
        }
      ]
    },
    {
      "mode": "managed",
      "type": "aws_cloudwatch_log_group",
      "name": "landing",
      "provider": "provider[\"registry.terraform.io/hashicorp/aws\"]",
      "instances": [
        {
          "schema_version": 0,
          "attributes": {
            "arn": "arn:aws:logs:us-east-1:566287346479:log-group:/ecs/nerava-landing",
            "id": "/ecs/nerava-landing",
            "kms_key_id": "",
            "log_group_class": "STANDARD",
            "name": "/ecs/nerava-landing",
            "name_prefix": "",
            "retention_in_days": 7,
            "skip_destroy": false,
            "tags": {
              "Name": "nerava-landing-logs"
            },
            "tags_all": {
              "Environment": "prod",
              "ManagedBy": "Terraform",
              "Name": "nerava-landing-logs",
              "Project": "Nerava"
            }
          },
          "sensitive_attributes": [],
          "private": "bnVsbA=="
        }
      ]
    },
    {
      "mode": "managed",
      "type": "aws_cloudwatch_log_group",
      "name": "merchant",
      "provider": "provider[\"registry.terraform.io/hashicorp/aws\"]",
      "instances": [
        {
          "schema_version": 0,
          "attributes": {
            "arn": "arn:aws:logs:us-east-1:566287346479:log-group:/ecs/nerava-merchant",
            "id": "/ecs/nerava-merchant",
            "kms_key_id": "",
            "log_group_class": "STANDARD",
            "name": "/ecs/nerava-merchant",
            "name_prefix": "",
            "retention_in_days": 7,
            "skip_destroy": false,
            "tags": {
              "Name": "nerava-merchant-logs"
            },
            "tags_all": {
              "Environment": "prod",
              "ManagedBy": "Terraform",
              "Name": "nerava-merchant-logs",
              "Project": "Nerava"
            }
          },
          "sensitive_attributes": [],
          "private": "bnVsbA=="
        }
      ]
    },
    {
      "mode": "managed",
      "type": "aws_db_instance",
      "name": "main",
      "provider": "provider[\"registry.terraform.io/hashicorp/aws\"]",
      "instances": [
        {
          "schema_version": 2,
          "attributes": {
            "address": "nerava-db.c27i820wot9o.us-east-1.rds.amazonaws.com",
            "allocated_storage": 20,
            "allow_major_version_upgrade": null,
            "apply_immediately": null,
            "arn": "arn:aws:rds:us-east-1:566287346479:db:nerava-db",
            "auto_minor_version_upgrade": true,
            "availability_zone": "us-east-1d",
            "backup_retention_period": 7,
            "backup_target": "region",
            "backup_window": "07:27-07:57",
            "blue_green_update": [],
            "ca_cert_identifier": "rds-ca-rsa2048-g1",
            "character_set_name": "",
            "copy_tags_to_snapshot": false,
            "custom_iam_instance_profile": "",
            "customer_owned_ip_enabled": false,
            "database_insights_mode": "standard",
            "db_name": "nerava",
            "db_subnet_group_name": "default",
            "dedicated_log_volume": false,
            "delete_automated_backups": true,
            "deletion_protection": false,
            "domain": "",
            "domain_auth_secret_arn": "",
            "domain_dns_ips": [],
            "domain_fqdn": "",
            "domain_iam_role_name": "",
            "domain_ou": "",
            "enabled_cloudwatch_logs_exports": [],
            "endpoint": "nerava-db.c27i820wot9o.us-east-1.rds.amazonaws.com:5432",
            "engine": "postgres",
            "engine_lifecycle_support": "open-source-rds-extended-support",
            "engine_version": "15.13",
            "engine_version_actual": "15.13",
            "final_snapshot_identifier": null,
            "hosted_zone_id": "Z2R2ITUGPM61AM",
            "iam_database_authentication_enabled": false,
            "id": "db-NNDMRMV45STM2UJSCQ6QBYTJRM",
            "identifier": "nerava-db",
            "identifier_prefix": "",
            "instance_class": "db.t3.micro",
            "iops": 0,
            "kms_key_id": "",
            "latest_restorable_time": "2026-01-06T16:59:33Z",
            "license_model": "postgresql-license",
            "listener_endpoint": [],
            "maintenance_window": "sat:10:12-sat:10:42",
            "manage_master_user_password": null,
            "master_user_secret": [],
            "master_user_secret_kms_key_id": null,
            "max_allocated_storage": 0,
            "monitoring_interval": 0,
            "monitoring_role_arn": "",
            "multi_az": false,
            "nchar_character_set_name": "",
            "network_type": "IPV4",
            "option_group_name": "default:postgres-15",
            "parameter_group_name": "default.postgres15",
            "password": null,
            "password_wo": null,
            "password_wo_version": null,
            "performance_insights_enabled": false,
            "performance_insights_kms_key_id": "",
            "performance_insights_retention_period": 0,
            "port": 5432,
            "publicly_accessible": true,
            "replica_mode": "",
            "replicas": [],
            "replicate_source_db": "",
            "resource_id": "db-NNDMRMV45STM2UJSCQ6QBYTJRM",
            "restore_to_point_in_time": [],
            "s3_import": [],
            "skip_final_snapshot": true,
            "snapshot_identifier": null,
            "status": "available",
            "storage_encrypted": false,
            "storage_throughput": 0,
            "storage_type": "gp2",
            "tags": {},
            "tags_all": {},
            "timeouts": null,
            "timezone": "",
            "upgrade_storage_config": null,
            "username": "nerava_admin",
            "vpc_security_group_ids": [
              "sg-0e4cc786d9053f05f"
            ]
          },
          "sensitive_attributes": [],
          "private": "eyJlMmJmYjczMC1lY2FhLTExZTYtOGY4OC0zNDM2M2JjN2M0YzAiOnsiY3JlYXRlIjozMDAwMDAwMDAwMDAwLCJkZWxldGUiOjM2MDAwMDAwMDAwMDAsInVwZGF0ZSI6NDgwMDAwMDAwMDAwMH0sInNjaGVtYV92ZXJzaW9uIjoiMiJ9"
        }
      ]
    },
    {
      "mode": "managed",
      "type": "aws_db_parameter_group",
      "name": "main",
      "provider": "provider[\"registry.terraform.io/hashicorp/aws\"]",
      "instances": [
        {
          "schema_version": 0,
          "attributes": {
            "arn": "arn:aws:rds:us-east-1:566287346479:pg:nerava-postgres15",
            "description": "Managed by Terraform",
            "family": "postgres15",
            "id": "nerava-postgres15",
            "name": "nerava-postgres15",
            "name_prefix": "",
            "parameter": [
              {
                "apply_method": "immediate",
                "name": "log_connections",
                "value": "1"
              },
              {
                "apply_method": "immediate",
                "name": "log_disconnections",
                "value": "1"
              }
            ],
            "skip_destroy": false,
            "tags": {
              "Name": "nerava-postgres15-params"
            },
            "tags_all": {
              "Environment": "prod",
              "ManagedBy": "Terraform",
              "Name": "nerava-postgres15-params",
              "Project": "Nerava"
            }
          },
          "sensitive_attributes": [],
          "private": "bnVsbA=="
        }
      ]
    },
    {
      "mode": "managed",
      "type": "aws_db_subnet_group",
      "name": "main",
      "provider": "provider[\"registry.terraform.io/hashicorp/aws\"]",
      "instances": [
        {
          "schema_version": 0,
          "attributes": {
            "arn": "arn:aws:rds:us-east-1:566287346479:subgrp:nerava-db-subnet-group",
            "description": "Managed by Terraform",
            "id": "nerava-db-subnet-group",
            "name": "nerava-db-subnet-group",
            "name_prefix": "",
            "subnet_ids": [
              "subnet-0799f57a84cdb0671",
              "subnet-09e93ac439f055433"
            ],
            "supported_network_types": [
              "IPV4"
            ],
            "tags": {
              "Name": "nerava-db-subnet-group"
            },
            "tags_all": {
              "Environment": "prod",
              "ManagedBy": "Terraform",
              "Name": "nerava-db-subnet-group",
              "Project": "Nerava"
            },
            "vpc_id": "vpc-0abebbfe3f8e8c5d9"
          },
          "sensitive_attributes": [],
          "private": "bnVsbA==",
          "dependencies": [
            "aws_subnet.private",
            "aws_vpc.main"
          ]
        }
      ]
    },
    {
      "mode": "managed",
      "type": "aws_ecr_lifecycle_policy",
      "name": "admin",
      "provider": "provider[\"registry.terraform.io/hashicorp/aws\"]",
      "instances": [
        {
          "schema_version": 0,
          "attributes": {
            "id": "nerava/admin",
            "policy": "{\"rules\":[{\"action\":{\"type\":\"expire\"},\"description\":\"Keep last 10 images\",\"rulePriority\":1,\"selection\":{\"countNumber\":10,\"countType\":\"imageCountMoreThan\",\"tagStatus\":\"any\"}}]}",
            "registry_id": "566287346479",
            "repository": "nerava/admin"
          },
          "sensitive_attributes": [],
          "private": "bnVsbA==",
          "dependencies": [
            "aws_ecr_repository.admin"
          ]
        }
      ]
    },
    {
      "mode": "managed",
      "type": "aws_ecr_lifecycle_policy",
      "name": "backend",
      "provider": "provider[\"registry.terraform.io/hashicorp/aws\"]",
      "instances": [
        {
          "schema_version": 0,
          "attributes": {
            "id": "nerava/backend",
            "policy": "{\"rules\":[{\"action\":{\"type\":\"expire\"},\"description\":\"Keep last 10 images\",\"rulePriority\":1,\"selection\":{\"countNumber\":10,\"countType\":\"imageCountMoreThan\",\"tagStatus\":\"any\"}}]}",
            "registry_id": "566287346479",
            "repository": "nerava/backend"
          },
          "sensitive_attributes": [],
          "private": "bnVsbA==",
          "dependencies": [
            "aws_ecr_repository.backend"
          ]
        }
      ]
    },
    {
      "mode": "managed",
      "type": "aws_ecr_lifecycle_policy",
      "name": "driver",
      "provider": "provider[\"registry.terraform.io/hashicorp/aws\"]",
      "instances": [
        {
          "schema_version": 0,
          "attributes": {
            "id": "nerava/driver",
            "policy": "{\"rules\":[{\"action\":{\"type\":\"expire\"},\"description\":\"Keep last 10 images\",\"rulePriority\":1,\"selection\":{\"countNumber\":10,\"countType\":\"imageCountMoreThan\",\"tagStatus\":\"any\"}}]}",
            "registry_id": "566287346479",
            "repository": "nerava/driver"
          },
          "sensitive_attributes": [],
          "private": "bnVsbA==",
          "dependencies": [
            "aws_ecr_repository.driver"
          ]
        }
      ]
    },
    {
      "mode": "managed",
      "type": "aws_ecr_lifecycle_policy",
      "name": "landing",
      "provider": "provider[\"registry.terraform.io/hashicorp/aws\"]",
      "instances": [
        {
          "schema_version": 0,
          "attributes": {
            "id": "nerava/landing",
            "policy": "{\"rules\":[{\"action\":{\"type\":\"expire\"},\"description\":\"Keep last 10 images\",\"rulePriority\":1,\"selection\":{\"countNumber\":10,\"countType\":\"imageCountMoreThan\",\"tagStatus\":\"any\"}}]}",
            "registry_id": "566287346479",
            "repository": "nerava/landing"
          },
          "sensitive_attributes": [],
          "private": "bnVsbA==",
          "dependencies": [
            "aws_ecr_repository.landing"
          ]
        }
      ]
    },
    {
      "mode": "managed",
      "type": "aws_ecr_lifecycle_policy",
      "name": "merchant",
      "provider": "provider[\"registry.terraform.io/hashicorp/aws\"]",
      "instances": [
        {
          "schema_version": 0,
          "attributes": {
            "id": "nerava/merchant",
            "policy": "{\"rules\":[{\"action\":{\"type\":\"expire\"},\"description\":\"Keep last 10 images\",\"rulePriority\":1,\"selection\":{\"countNumber\":10,\"countType\":\"imageCountMoreThan\",\"tagStatus\":\"any\"}}]}",
            "registry_id": "566287346479",
            "repository": "nerava/merchant"
          },
          "sensitive_attributes": [],
          "private": "bnVsbA==",
          "dependencies": [
            "aws_ecr_repository.merchant"
          ]
        }
      ]
    },
    {
      "mode": "managed",
      "type": "aws_ecr_repository",
      "name": "admin",
      "provider": "provider[\"registry.terraform.io/hashicorp/aws\"]",
      "instances": [
        {
          "schema_version": 0,
          "attributes": {
            "arn": "arn:aws:ecr:us-east-1:566287346479:repository/nerava/admin",
            "encryption_configuration": [
              {
                "encryption_type": "AES256",
                "kms_key": ""
              }
            ],
            "force_delete": null,
            "id": "nerava/admin",
            "image_scanning_configuration": [
              {
                "scan_on_push": true
              }
            ],
            "image_tag_mutability": "MUTABLE",
            "name": "nerava/admin",
            "registry_id": "566287346479",
            "repository_url": "566287346479.dkr.ecr.us-east-1.amazonaws.com/nerava/admin",
            "tags": {
              "Name": "nerava-admin-ecr"
            },
            "tags_all": {
              "Environment": "prod",
              "ManagedBy": "Terraform",
              "Name": "nerava-admin-ecr",
              "Project": "Nerava"
            },
            "timeouts": null
          },
          "sensitive_attributes": [],
          "private": "eyJlMmJmYjczMC1lY2FhLTExZTYtOGY4OC0zNDM2M2JjN2M0YzAiOnsiZGVsZXRlIjoxMjAwMDAwMDAwMDAwfX0="
        }
      ]
    },
    {
      "mode": "managed",
      "type": "aws_ecr_repository",
      "name": "backend",
      "provider": "provider[\"registry.terraform.io/hashicorp/aws\"]",
      "instances": [
        {
          "schema_version": 0,
          "attributes": {
            "arn": "arn:aws:ecr:us-east-1:566287346479:repository/nerava/backend",
            "encryption_configuration": [
              {
                "encryption_type": "AES256",
                "kms_key": ""
              }
            ],
            "force_delete": null,
            "id": "nerava/backend",
            "image_scanning_configuration": [
              {
                "scan_on_push": true
              }
            ],
            "image_tag_mutability": "MUTABLE",
            "name": "nerava/backend",
            "registry_id": "566287346479",
            "repository_url": "566287346479.dkr.ecr.us-east-1.amazonaws.com/nerava/backend",
            "tags": {
              "Name": "nerava-backend-ecr"
            },
            "tags_all": {
              "Environment": "prod",
              "ManagedBy": "Terraform",
              "Name": "nerava-backend-ecr",
              "Project": "Nerava"
            },
            "timeouts": null
          },
          "sensitive_attributes": [],
          "private": "eyJlMmJmYjczMC1lY2FhLTExZTYtOGY4OC0zNDM2M2JjN2M0YzAiOnsiZGVsZXRlIjoxMjAwMDAwMDAwMDAwfX0="
        }
      ]
    },
    {
      "mode": "managed",
      "type": "aws_ecr_repository",
      "name": "driver",
      "provider": "provider[\"registry.terraform.io/hashicorp/aws\"]",
      "instances": [
        {
          "schema_version": 0,
          "attributes": {
            "arn": "arn:aws:ecr:us-east-1:566287346479:repository/nerava/driver",
            "encryption_configuration": [
              {
                "encryption_type": "AES256",
                "kms_key": ""
              }
            ],
            "force_delete": null,
            "id": "nerava/driver",
            "image_scanning_configuration": [
              {
                "scan_on_push": true
              }
            ],
            "image_tag_mutability": "MUTABLE",
            "name": "nerava/driver",
            "registry_id": "566287346479",
            "repository_url": "566287346479.dkr.ecr.us-east-1.amazonaws.com/nerava/driver",
            "tags": {
              "Name": "nerava-driver-ecr"
            },
            "tags_all": {
              "Environment": "prod",
              "ManagedBy": "Terraform",
              "Name": "nerava-driver-ecr",
              "Project": "Nerava"
            },
            "timeouts": null
          },
          "sensitive_attributes": [],
          "private": "eyJlMmJmYjczMC1lY2FhLTExZTYtOGY4OC0zNDM2M2JjN2M0YzAiOnsiZGVsZXRlIjoxMjAwMDAwMDAwMDAwfX0="
        }
      ]
    },
    {
      "mode": "managed",
      "type": "aws_ecr_repository",
      "name": "landing",
      "provider": "provider[\"registry.terraform.io/hashicorp/aws\"]",
      "instances": [
        {
          "schema_version": 0,
          "attributes": {
            "arn": "arn:aws:ecr:us-east-1:566287346479:repository/nerava/landing",
            "encryption_configuration": [
              {
                "encryption_type": "AES256",
                "kms_key": ""
              }
            ],
            "force_delete": null,
            "id": "nerava/landing",
            "image_scanning_configuration": [
              {
                "scan_on_push": true
              }
            ],
            "image_tag_mutability": "MUTABLE",
            "name": "nerava/landing",
            "registry_id": "566287346479",
            "repository_url": "566287346479.dkr.ecr.us-east-1.amazonaws.com/nerava/landing",
            "tags": {
              "Name": "nerava-landing-ecr"
            },
            "tags_all": {
              "Environment": "prod",
              "ManagedBy": "Terraform",
              "Name": "nerava-landing-ecr",
              "Project": "Nerava"
            },
            "timeouts": null
          },
          "sensitive_attributes": [],
          "private": "eyJlMmJmYjczMC1lY2FhLTExZTYtOGY4OC0zNDM2M2JjN2M0YzAiOnsiZGVsZXRlIjoxMjAwMDAwMDAwMDAwfX0="
        }
      ]
    },
    {
      "mode": "managed",
      "type": "aws_ecr_repository",
      "name": "merchant",
      "provider": "provider[\"registry.terraform.io/hashicorp/aws\"]",
      "instances": [
        {
          "schema_version": 0,
          "attributes": {
            "arn": "arn:aws:ecr:us-east-1:566287346479:repository/nerava/merchant",
            "encryption_configuration": [
              {
                "encryption_type": "AES256",
                "kms_key": ""
              }
            ],
            "force_delete": null,
            "id": "nerava/merchant",
            "image_scanning_configuration": [
              {
                "scan_on_push": true
              }
            ],
            "image_tag_mutability": "MUTABLE",
            "name": "nerava/merchant",
            "registry_id": "566287346479",
            "repository_url": "566287346479.dkr.ecr.us-east-1.amazonaws.com/nerava/merchant",
            "tags": {
              "Name": "nerava-merchant-ecr"
            },
            "tags_all": {
              "Environment": "prod",
              "ManagedBy": "Terraform",
              "Name": "nerava-merchant-ecr",
              "Project": "Nerava"
            },
            "timeouts": null
          },
          "sensitive_attributes": [],
          "private": "eyJlMmJmYjczMC1lY2FhLTExZTYtOGY4OC0zNDM2M2JjN2M0YzAiOnsiZGVsZXRlIjoxMjAwMDAwMDAwMDAwfX0="
        }
      ]
    },
    {
      "mode": "managed",
      "type": "aws_ecs_cluster",
      "name": "main",
      "provider": "provider[\"registry.terraform.io/hashicorp/aws\"]",
      "instances": [
        {
          "schema_version": 0,
          "attributes": {
            "arn": "arn:aws:ecs:us-east-1:566287346479:cluster/nerava-cluster",
            "configuration": [],
            "id": "arn:aws:ecs:us-east-1:566287346479:cluster/nerava-cluster",
            "name": "nerava-cluster",
            "service_connect_defaults": [],
            "setting": [
              {
                "name": "containerInsights",
                "value": "enabled"
              }
            ],
            "tags": {
              "Name": "nerava-cluster"
            },
            "tags_all": {
              "Environment": "prod",
              "ManagedBy": "Terraform",
              "Name": "nerava-cluster",
              "Project": "Nerava"
            }
          },
          "sensitive_attributes": [],
          "private": "bnVsbA=="
        }
      ]
    },
    {
      "mode": "managed",
      "type": "aws_ecs_task_definition",
      "name": "admin",
      "provider": "provider[\"registry.terraform.io/hashicorp/aws\"]",
      "instances": [
        {
          "schema_version": 1,
          "attributes": {
            "arn": "arn:aws:ecs:us-east-1:566287346479:task-definition/nerava-admin:1",
            "arn_without_revision": "arn:aws:ecs:us-east-1:566287346479:task-definition/nerava-admin",
            "container_definitions": "[{\"environment\":[],\"essential\":true,\"healthCheck\":{\"command\":[\"CMD-SHELL\",\"wget --quiet --tries=1 --spider http://localhost:3003/ || exit 1\"],\"interval\":30,\"retries\":3,\"startPeriod\":30,\"timeout\":5},\"image\":\"566287346479.dkr.ecr.us-east-1.amazonaws.com/nerava/admin:latest\",\"logConfiguration\":{\"logDriver\":\"awslogs\",\"options\":{\"awslogs-group\":\"/ecs/nerava-admin\",\"awslogs-region\":\"us-east-1\",\"awslogs-stream-prefix\":\"ecs\"}},\"mountPoints\":[],\"name\":\"admin\",\"portMappings\":[{\"containerPort\":3003,\"hostPort\":3003,\"protocol\":\"tcp\"}],\"systemControls\":[],\"volumesFrom\":[]}]",
            "cpu": "256",
            "enable_fault_injection": false,
            "ephemeral_storage": [],
            "execution_role_arn": "arn:aws:iam::566287346479:role/nerava-ecs-task-execution-role",
            "family": "nerava-admin",
            "id": "nerava-admin",
            "inference_accelerator": [],
            "ipc_mode": "",
            "memory": "512",
            "network_mode": "awsvpc",
            "pid_mode": "",
            "placement_constraints": [],
            "proxy_configuration": [],
            "requires_compatibilities": [
              "FARGATE"
            ],
            "revision": 1,
            "runtime_platform": [],
            "skip_destroy": false,
            "tags": null,
            "tags_all": {
              "Environment": "prod",
              "ManagedBy": "Terraform",
              "Project": "Nerava"
            },
            "task_role_arn": "",
            "track_latest": false,
            "volume": []
          },
          "sensitive_attributes": [],
          "private": "eyJzY2hlbWFfdmVyc2lvbiI6IjEifQ==",
          "dependencies": [
            "aws_cloudwatch_log_group.admin",
            "aws_ecr_repository.admin",
            "aws_iam_role.ecs_task_execution"
          ]
        }
      ]
    },
    {
      "mode": "managed",
      "type": "aws_ecs_task_definition",
      "name": "backend",
      "provider": "provider[\"registry.terraform.io/hashicorp/aws\"]",
      "instances": [
        {
          "schema_version": 1,
          "attributes": {
            "arn": "arn:aws:ecs:us-east-1:566287346479:task-definition/nerava-backend:2",
            "arn_without_revision": "arn:aws:ecs:us-east-1:566287346479:task-definition/nerava-backend",
            "container_definitions": "[{\"environment\":[{\"name\":\"ALLOWED_HOSTS\",\"value\":\"api.nerava.network,*.nerava.network\"},{\"name\":\"ALLOWED_ORIGINS\",\"value\":\"https://app.nerava.network,https://www.nerava.network,https://merchant.nerava.network,https://admin.nerava.network\"},{\"name\":\"DEMO_MODE\",\"value\":\"false\"},{\"name\":\"ENV\",\"value\":\"prod\"},{\"name\":\"FRONTEND_URL\",\"value\":\"https://app.nerava.network\"},{\"name\":\"MERCHANT_AUTH_MOCK\",\"value\":\"false\"},{\"name\":\"OTP_PROVIDER\",\"value\":\"twilio_verify\"},{\"name\":\"PUBLIC_BASE_URL\",\"value\":\"https://api.nerava.network\"}],\"essential\":true,\"healthCheck\":{\"command\":[\"CMD-SHELL\",\"python3 -c \\\"import urllib.request; urllib.request.urlopen('http://localhost:8001/health')\\\"\"],\"interval\":30,\"retries\":3,\"startPeriod\":60,\"timeout\":5},\"image\":\"566287346479.dkr.ecr.us-east-1.amazonaws.com/nerava/backend:latest\",\"logConfiguration\":{\"logDriver\":\"awslogs\",\"options\":{\"awslogs-group\":\"/ecs/nerava-backend\",\"awslogs-region\":\"us-east-1\",\"awslogs-stream-prefix\":\"ecs\"}},\"mountPoints\":[],\"name\":\"backend\",\"portMappings\":[{\"containerPort\":8001,\"hostPort\":8001,\"protocol\":\"tcp\"}],\"secrets\":[{\"name\":\"DATABASE_URL\",\"valueFrom\":\"arn:aws:secretsmanager:us-east-1:566287346479:secret:nerava/backend/database-ZIdonM\"},{\"name\":\"GOOGLE_OAUTH_CLIENT_ID\",\"valueFrom\":\"arn:aws:secretsmanager:us-east-1:566287346479:secret:nerava/backend/google-1qJch8:oauth_client_id::\"},{\"name\":\"GOOGLE_OAUTH_CLIENT_SECRET\",\"valueFrom\":\"arn:aws:secretsmanager:us-east-1:566287346479:secret:nerava/backend/google-1qJch8:oauth_client_secret::\"},{\"name\":\"GOOGLE_PLACES_API_KEY\",\"valueFrom\":\"arn:aws:secretsmanager:us-east-1:566287346479:secret:nerava/backend/google-1qJch8:places_api_key::\"},{\"name\":\"JWT_SECRET\",\"valueFrom\":\"arn:aws:secretsmanager:us-east-1:566287346479:secret:nerava/backend/jwt-secret-eEFkD3\"},{\"name\":\"POSTHOG_KEY\",\"valueFrom\":\"arn:aws:secretsmanager:us-east-1:566287346479:secret:nerava/backend/posthog-cUh9Pb\"},{\"name\":\"SMARTCAR_CLIENT_ID\",\"valueFrom\":\"arn:aws:secretsmanager:us-east-1:566287346479:secret:nerava/backend/smartcar-REDGQK:client_id::\"},{\"name\":\"SMARTCAR_CLIENT_SECRET\",\"valueFrom\":\"arn:aws:secretsmanager:us-east-1:566287346479:secret:nerava/backend/smartcar-REDGQK:client_secret::\"},{\"name\":\"SMARTCAR_STATE_SECRET\",\"valueFrom\":\"arn:aws:secretsmanager:us-east-1:566287346479:secret:nerava/backend/smartcar-REDGQK:state_secret::\"},{\"name\":\"SQUARE_APPLICATION_ID_PRODUCTION\",\"valueFrom\":\"arn:aws:secretsmanager:us-east-1:566287346479:secret:nerava/backend/square-SMAZ4N:application_id::\"},{\"name\":\"SQUARE_APPLICATION_SECRET_PRODUCTION\",\"valueFrom\":\"arn:aws:secretsmanager:us-east-1:566287346479:secret:nerava/backend/square-SMAZ4N:application_secret::\"},{\"name\":\"SQUARE_WEBHOOK_SIGNATURE_KEY\",\"valueFrom\":\"arn:aws:secretsmanager:us-east-1:566287346479:secret:nerava/backend/square-SMAZ4N:webhook_signature_key::\"},{\"name\":\"STRIPE_CONNECT_CLIENT_ID\",\"valueFrom\":\"arn:aws:secretsmanager:us-east-1:566287346479:secret:nerava/backend/stripe-KI8vg5:connect_client_id::\"},{\"name\":\"STRIPE_SECRET_KEY\",\"valueFrom\":\"arn:aws:secretsmanager:us-east-1:566287346479:secret:nerava/backend/stripe-KI8vg5:secret_key::\"},{\"name\":\"STRIPE_WEBHOOK_SECRET\",\"valueFrom\":\"arn:aws:secretsmanager:us-east-1:566287346479:secret:nerava/backend/stripe-KI8vg5:webhook_secret::\"},{\"name\":\"TESLA_CLIENT_ID\",\"valueFrom\":\"arn:aws:secretsmanager:us-east-1:566287346479:secret:nerava/backend/tesla-uRvbF4:client_id::\"},{\"name\":\"TESLA_CLIENT_SECRET\",\"valueFrom\":\"arn:aws:secretsmanager:us-east-1:566287346479:secret:nerava/backend/tesla-uRvbF4:client_secret::\"},{\"name\":\"TOKEN_ENCRYPTION_KEY\",\"valueFrom\":\"arn:aws:secretsmanager:us-east-1:566287346479:secret:nerava/backend/token-encryption-key-qKpHHN\"},{\"name\":\"TWILIO_ACCOUNT_SID\",\"valueFrom\":\"arn:aws:secretsmanager:us-east-1:566287346479:secret:nerava/backend/twilio-FGPF03:account_sid::\"},{\"name\":\"TWILIO_AUTH_TOKEN\",\"valueFrom\":\"arn:aws:secretsmanager:us-east-1:566287346479:secret:nerava/backend/twilio-FGPF03:auth_token::\"},{\"name\":\"TWILIO_VERIFY_SERVICE_SID\",\"valueFrom\":\"arn:aws:secretsmanager:us-east-1:566287346479:secret:nerava/backend/twilio-FGPF03:verify_service_sid::\"}],\"systemControls\":[],\"volumesFrom\":[]}]",
            "cpu": "512",
            "enable_fault_injection": false,
            "ephemeral_storage": [],
            "execution_role_arn": "arn:aws:iam::566287346479:role/nerava-ecs-task-execution-role",
            "family": "nerava-backend",
            "id": "nerava-backend",
            "inference_accelerator": [],
            "ipc_mode": "",
            "memory": "1024",
            "network_mode": "awsvpc",
            "pid_mode": "",
            "placement_constraints": [],
            "proxy_configuration": [],
            "requires_compatibilities": [
              "FARGATE"
            ],
            "revision": 2,
            "runtime_platform": [],
            "skip_destroy": false,
            "tags": null,
            "tags_all": {
              "Environment": "prod",
              "ManagedBy": "Terraform",
              "Project": "Nerava"
            },
            "task_role_arn": "arn:aws:iam::566287346479:role/nerava-ecs-task-role",
            "track_latest": false,
            "volume": []
          },
          "sensitive_attributes": [],
          "private": "eyJzY2hlbWFfdmVyc2lvbiI6IjEifQ==",
          "dependencies": [
            "aws_cloudwatch_log_group.backend",
            "aws_ecr_repository.backend",
            "aws_iam_role.ecs_task",
            "aws_iam_role.ecs_task_execution",
            "aws_secretsmanager_secret.backend_database",
            "aws_secretsmanager_secret.backend_google",
            "aws_secretsmanager_secret.backend_jwt_secret",
            "aws_secretsmanager_secret.backend_posthog",
            "aws_secretsmanager_secret.backend_smartcar",
            "aws_secretsmanager_secret.backend_square",
            "aws_secretsmanager_secret.backend_stripe",
            "aws_secretsmanager_secret.backend_token_encryption_key",
            "aws_secretsmanager_secret.backend_twilio",
            "data.aws_secretsmanager_secret.backend_tesla"
          ]
        }
      ]
    },
    {
      "mode": "managed",
      "type": "aws_ecs_task_definition",
      "name": "driver",
      "provider": "provider[\"registry.terraform.io/hashicorp/aws\"]",
      "instances": [
        {
          "schema_version": 1,
          "attributes": {
            "arn": "arn:aws:ecs:us-east-1:566287346479:task-definition/nerava-driver:1",
            "arn_without_revision": "arn:aws:ecs:us-east-1:566287346479:task-definition/nerava-driver",
            "container_definitions": "[{\"environment\":[],\"essential\":true,\"healthCheck\":{\"command\":[\"CMD-SHELL\",\"wget --quiet --tries=1 --spider http://localhost:3001/ || exit 1\"],\"interval\":30,\"retries\":3,\"startPeriod\":30,\"timeout\":5},\"image\":\"566287346479.dkr.ecr.us-east-1.amazonaws.com/nerava/driver:latest\",\"logConfiguration\":{\"logDriver\":\"awslogs\",\"options\":{\"awslogs-group\":\"/ecs/nerava-driver\",\"awslogs-region\":\"us-east-1\",\"awslogs-stream-prefix\":\"ecs\"}},\"mountPoints\":[],\"name\":\"driver\",\"portMappings\":[{\"containerPort\":3001,\"hostPort\":3001,\"protocol\":\"tcp\"}],\"systemControls\":[],\"volumesFrom\":[]}]",
            "cpu": "256",
            "enable_fault_injection": false,
            "ephemeral_storage": [],
            "execution_role_arn": "arn:aws:iam::566287346479:role/nerava-ecs-task-execution-role",
            "family": "nerava-driver",
            "id": "nerava-driver",
            "inference_accelerator": [],
            "ipc_mode": "",
            "memory": "512",
            "network_mode": "awsvpc",
            "pid_mode": "",
            "placement_constraints": [],
            "proxy_configuration": [],
            "requires_compatibilities": [
              "FARGATE"
            ],
            "revision": 1,
            "runtime_platform": [],
            "skip_destroy": false,
            "tags": null,
            "tags_all": {
              "Environment": "prod",
              "ManagedBy": "Terraform",
              "Project": "Nerava"
            },
            "task_role_arn": "",
            "track_latest": false,
            "volume": []
          },
          "sensitive_attributes": [],
          "private": "eyJzY2hlbWFfdmVyc2lvbiI6IjEifQ==",
          "dependencies": [
            "aws_cloudwatch_log_group.driver",
            "aws_ecr_repository.driver",
            "aws_iam_role.ecs_task_execution"
          ]
        }
      ]
    },
    {
      "mode": "managed",
      "type": "aws_ecs_task_definition",
      "name": "landing",
      "provider": "provider[\"registry.terraform.io/hashicorp/aws\"]",
      "instances": [
        {
          "schema_version": 1,
          "attributes": {
            "arn": "arn:aws:ecs:us-east-1:566287346479:task-definition/nerava-landing:1",
            "arn_without_revision": "arn:aws:ecs:us-east-1:566287346479:task-definition/nerava-landing",
            "container_definitions": "[{\"environment\":[{\"name\":\"NEXT_PUBLIC_CHARGER_PORTAL_URL\",\"value\":\"https://charger.nerava.network\"},{\"name\":\"NEXT_PUBLIC_DRIVER_APP_URL\",\"value\":\"https://app.nerava.network\"},{\"name\":\"NEXT_PUBLIC_MERCHANT_APP_URL\",\"value\":\"https://merchant.nerava.network\"}],\"essential\":true,\"healthCheck\":{\"command\":[\"CMD-SHELL\",\"wget --quiet --tries=1 --spider http://localhost:3000/ || exit 1\"],\"interval\":30,\"retries\":3,\"startPeriod\":60,\"timeout\":5},\"image\":\"566287346479.dkr.ecr.us-east-1.amazonaws.com/nerava/landing:latest\",\"logConfiguration\":{\"logDriver\":\"awslogs\",\"options\":{\"awslogs-group\":\"/ecs/nerava-landing\",\"awslogs-region\":\"us-east-1\",\"awslogs-stream-prefix\":\"ecs\"}},\"mountPoints\":[],\"name\":\"landing\",\"portMappings\":[{\"containerPort\":3000,\"hostPort\":3000,\"protocol\":\"tcp\"}],\"systemControls\":[],\"volumesFrom\":[]}]",
            "cpu": "512",
            "enable_fault_injection": false,
            "ephemeral_storage": [],
            "execution_role_arn": "arn:aws:iam::566287346479:role/nerava-ecs-task-execution-role",
            "family": "nerava-landing",
            "id": "nerava-landing",
            "inference_accelerator": [],
            "ipc_mode": "",
            "memory": "1024",
            "network_mode": "awsvpc",
            "pid_mode": "",
            "placement_constraints": [],
            "proxy_configuration": [],
            "requires_compatibilities": [
              "FARGATE"
            ],
            "revision": 1,
            "runtime_platform": [],
            "skip_destroy": false,
            "tags": null,
            "tags_all": {
              "Environment": "prod",
              "ManagedBy": "Terraform",
              "Project": "Nerava"
            },
            "task_role_arn": "",
            "track_latest": false,
            "volume": []
          },
          "sensitive_attributes": [],
          "private": "eyJzY2hlbWFfdmVyc2lvbiI6IjEifQ==",
          "dependencies": [
            "aws_cloudwatch_log_group.landing",
            "aws_ecr_repository.landing",
            "aws_iam_role.ecs_task_execution"
          ]
        }
      ]
    },
    {
      "mode": "managed",
      "type": "aws_ecs_task_definition",
      "name": "merchant",
      "provider": "provider[\"registry.terraform.io/hashicorp/aws\"]",
      "instances": [
        {
          "schema_version": 1,
          "attributes": {
            "arn": "arn:aws:ecs:us-east-1:566287346479:task-definition/nerava-merchant:1",
            "arn_without_revision": "arn:aws:ecs:us-east-1:566287346479:task-definition/nerava-merchant",
            "container_definitions": "[{\"environment\":[],\"essential\":true,\"healthCheck\":{\"command\":[\"CMD-SHELL\",\"wget --quiet --tries=1 --spider http://localhost:3002/ || exit 1\"],\"interval\":30,\"retries\":3,\"startPeriod\":30,\"timeout\":5},\"image\":\"566287346479.dkr.ecr.us-east-1.amazonaws.com/nerava/merchant:latest\",\"logConfiguration\":{\"logDriver\":\"awslogs\",\"options\":{\"awslogs-stream-prefix\":\"ecs\",\"awslogs-group\":\"/ecs/nerava-merchant\",\"awslogs-region\":\"us-east-1\"}},\"mountPoints\":[],\"name\":\"merchant\",\"portMappings\":[{\"containerPort\":3002,\"hostPort\":3002,\"protocol\":\"tcp\"}],\"systemControls\":[],\"volumesFrom\":[]}]",
            "cpu": "256",
            "enable_fault_injection": false,
            "ephemeral_storage": [],
            "execution_role_arn": "arn:aws:iam::566287346479:role/nerava-ecs-task-execution-role",
            "family": "nerava-merchant",
            "id": "nerava-merchant",
            "inference_accelerator": [],
            "ipc_mode": "",
            "memory": "512",
            "network_mode": "awsvpc",
            "pid_mode": "",
            "placement_constraints": [],
            "proxy_configuration": [],
            "requires_compatibilities": [
              "FARGATE"
            ],
            "revision": 1,
            "runtime_platform": [],
            "skip_destroy": false,
            "tags": null,
            "tags_all": {
              "Environment": "prod",
              "ManagedBy": "Terraform",
              "Project": "Nerava"
            },
            "task_role_arn": "",
            "track_latest": false,
            "volume": []
          },
          "sensitive_attributes": [],
          "private": "eyJzY2hlbWFfdmVyc2lvbiI6IjEifQ==",
          "dependencies": [
            "aws_cloudwatch_log_group.merchant",
            "aws_ecr_repository.merchant",
            "aws_iam_role.ecs_task_execution"
          ]
        }
      ]
    },
    {
      "mode": "managed",
      "type": "aws_eip",
      "name": "nat",
      "provider": "provider[\"registry.terraform.io/hashicorp/aws\"]",
      "instances": [
        {
          "index_key": 0,
          "schema_version": 0,
          "attributes": {
            "address": null,
            "allocation_id": "eipalloc-04c5d0ba0bebe0a66",
            "arn": "arn:aws:ec2:us-east-1:566287346479:elastic-ip/eipalloc-04c5d0ba0bebe0a66",
            "associate_with_private_ip": null,
            "association_id": "eipassoc-0c51348fcb3311683",
            "carrier_ip": "",
            "customer_owned_ip": "",
            "customer_owned_ipv4_pool": "",
            "domain": "vpc",
            "id": "eipalloc-04c5d0ba0bebe0a66",
            "instance": "",
            "ipam_pool_id": null,
            "network_border_group": "us-east-1",
            "network_interface": "eni-091dcd1904f73a619",
            "private_dns": "ip-10-0-1-144.ec2.internal",
            "private_ip": "10.0.1.144",
            "ptr_record": "",
            "public_dns": "ec2-107-21-48-208.compute-1.amazonaws.com",
            "public_ip": "107.21.48.208",
            "public_ipv4_pool": "amazon",
            "tags": {
              "Name": "nerava-nat-eip-1"
            },
            "tags_all": {
              "Environment": "prod",
              "ManagedBy": "Terraform",
              "Name": "nerava-nat-eip-1",
              "Project": "Nerava"
            },
            "timeouts": null,
            "vpc": true
          },
          "sensitive_attributes": [],
          "private": "eyJlMmJmYjczMC1lY2FhLTExZTYtOGY4OC0zNDM2M2JjN2M0YzAiOnsiZGVsZXRlIjoxODAwMDAwMDAwMDAsInJlYWQiOjkwMDAwMDAwMDAwMCwidXBkYXRlIjozMDAwMDAwMDAwMDB9fQ==",
          "dependencies": [
            "aws_internet_gateway.main",
            "aws_vpc.main"
          ]
        },
        {
          "index_key": 1,
          "schema_version": 0,
          "attributes": {
            "address": null,
            "allocation_id": "eipalloc-0d7672f6c3057b181",
            "arn": "arn:aws:ec2:us-east-1:566287346479:elastic-ip/eipalloc-0d7672f6c3057b181",
            "associate_with_private_ip": null,
            "association_id": "eipassoc-010fae8ea6cf02cee",
            "carrier_ip": "",
            "customer_owned_ip": "",
            "customer_owned_ipv4_pool": "",
            "domain": "vpc",
            "id": "eipalloc-0d7672f6c3057b181",
            "instance": "",
            "ipam_pool_id": null,
            "network_border_group": "us-east-1",
            "network_interface": "eni-01aff4fdfa1e15246",
            "private_dns": "ip-10-0-2-245.ec2.internal",
            "private_ip": "10.0.2.245",
            "ptr_record": "",
            "public_dns": "ec2-3-208-130-45.compute-1.amazonaws.com",
            "public_ip": "3.208.130.45",
            "public_ipv4_pool": "amazon",
            "tags": {
              "Name": "nerava-nat-eip-2"
            },
            "tags_all": {
              "Environment": "prod",
              "ManagedBy": "Terraform",
              "Name": "nerava-nat-eip-2",
              "Project": "Nerava"
            },
            "timeouts": null,
            "vpc": true
          },
          "sensitive_attributes": [],
          "private": "eyJlMmJmYjczMC1lY2FhLTExZTYtOGY4OC0zNDM2M2JjN2M0YzAiOnsiZGVsZXRlIjoxODAwMDAwMDAwMDAsInJlYWQiOjkwMDAwMDAwMDAwMCwidXBkYXRlIjozMDAwMDAwMDAwMDB9fQ==",
          "dependencies": [
            "aws_internet_gateway.main",
            "aws_vpc.main"
          ]
        }
      ]
    },
    {
      "mode": "managed",
      "type": "aws_iam_openid_connect_provider",
      "name": "github",
      "provider": "provider[\"registry.terraform.io/hashicorp/aws\"]",
      "instances": [
        {
          "index_key": 0,
          "schema_version": 0,
          "attributes": {
            "arn": "arn:aws:iam::566287346479:oidc-provider/token.actions.githubusercontent.com",
            "client_id_list": [
              "sts.amazonaws.com"
            ],
            "id": "arn:aws:iam::566287346479:oidc-provider/token.actions.githubusercontent.com",
            "tags": {
              "Name": "nerava-github-oidc"
            },
            "tags_all": {
              "Environment": "prod",
              "ManagedBy": "Terraform",
              "Name": "nerava-github-oidc",
              "Project": "Nerava"
            },
            "thumbprint_list": [
              "6938fd4d98bab03faadb97b34396831e3780aea1",
              "1c58a3a8518e8759bf075b76b750d4f2df264fcd"
            ],
            "url": "token.actions.githubusercontent.com"
          },
          "sensitive_attributes": [],
          "private": "bnVsbA=="
        }
      ]
    },
    {
      "mode": "managed",
      "type": "aws_iam_role",
      "name": "ecs_task",
      "provider": "provider[\"registry.terraform.io/hashicorp/aws\"]",
      "instances": [
        {
          "schema_version": 0,
          "attributes": {
            "arn": "arn:aws:iam::566287346479:role/nerava-ecs-task-role",
            "assume_role_policy": "{\"Statement\":[{\"Action\":\"sts:AssumeRole\",\"Effect\":\"Allow\",\"Principal\":{\"Service\":\"ecs-tasks.amazonaws.com\"}}],\"Version\":\"2012-10-17\"}",
            "create_date": "2026-01-06T16:46:43Z",
            "description": "",
            "force_detach_policies": false,
            "id": "nerava-ecs-task-role",
            "inline_policy": [
              {
                "name": "nerava-ecs-task-secrets-policy",
                "policy": "{\"Version\":\"2012-10-17\",\"Statement\":[{\"Action\":[\"secretsmanager:GetSecretValue\",\"secretsmanager:DescribeSecret\"],\"Effect\":\"Allow\",\"Resource\":[\"arn:aws:secretsmanager:us-east-1:566287346479:secret:nerava/backend/database-ZIdonM\",\"arn:aws:secretsmanager:us-east-1:566287346479:secret:nerava/backend/jwt-secret-eEFkD3\",\"arn:aws:secretsmanager:us-east-1:566287346479:secret:nerava/backend/token-encryption-key-qKpHHN\",\"arn:aws:secretsmanager:us-east-1:566287346479:secret:nerava/backend/twilio-FGPF03\",\"arn:aws:secretsmanager:us-east-1:566287346479:secret:nerava/backend/google-1qJch8\",\"arn:aws:secretsmanager:us-east-1:566287346479:secret:nerava/backend/square-SMAZ4N\",\"arn:aws:secretsmanager:us-east-1:566287346479:secret:nerava/backend/stripe-KI8vg5\",\"arn:aws:secretsmanager:us-east-1:566287346479:secret:nerava/backend/smartcar-REDGQK\",\"arn:aws:secretsmanager:us-east-1:566287346479:secret:nerava/backend/posthog-cUh9Pb\"]}]}"
              }
            ],
            "managed_policy_arns": [],
            "max_session_duration": 3600,
            "name": "nerava-ecs-task-role",
            "name_prefix": "",
            "path": "/",
            "permissions_boundary": "",
            "tags": {
              "Name": "nerava-ecs-task-role"
            },
            "tags_all": {
              "Environment": "prod",
              "ManagedBy": "Terraform",
              "Name": "nerava-ecs-task-role",
              "Project": "Nerava"
            },
            "unique_id": "AROAYHWK3FMXQJT53BEYX"
          },
          "sensitive_attributes": [],
          "private": "bnVsbA=="
        }
      ]
    },
    {
      "mode": "managed",
      "type": "aws_iam_role",
      "name": "ecs_task_execution",
      "provider": "provider[\"registry.terraform.io/hashicorp/aws\"]",
      "instances": [
        {
          "schema_version": 0,
          "attributes": {
            "arn": "arn:aws:iam::566287346479:role/nerava-ecs-task-execution-role",
            "assume_role_policy": "{\"Statement\":[{\"Action\":\"sts:AssumeRole\",\"Effect\":\"Allow\",\"Principal\":{\"Service\":\"ecs-tasks.amazonaws.com\"}}],\"Version\":\"2012-10-17\"}",
            "create_date": "2026-01-06T16:46:44Z",
            "description": "",
            "force_detach_policies": false,
            "id": "nerava-ecs-task-execution-role",
            "inline_policy": [],
            "managed_policy_arns": [
              "arn:aws:iam::aws:policy/service-role/AmazonECSTaskExecutionRolePolicy"
            ],
            "max_session_duration": 3600,
            "name": "nerava-ecs-task-execution-role",
            "name_prefix": "",
            "path": "/",
            "permissions_boundary": "",
            "tags": {
              "Name": "nerava-ecs-task-execution-role"
            },
            "tags_all": {
              "Environment": "prod",
              "ManagedBy": "Terraform",
              "Name": "nerava-ecs-task-execution-role",
              "Project": "Nerava"
            },
            "unique_id": "AROAYHWK3FMXXDB6XBHJS"
          },
          "sensitive_attributes": [],
          "private": "bnVsbA=="
        }
      ]
    },
    {
      "mode": "managed",
      "type": "aws_iam_role",
      "name": "github_actions",
      "provider": "provider[\"registry.terraform.io/hashicorp/aws\"]",
      "instances": [
        {
          "index_key": 0,
          "schema_version": 0,
          "attributes": {
            "arn": "arn:aws:iam::566287346479:role/nerava-github-actions-role",
            "assume_role_policy": "{\"Statement\":[{\"Action\":\"sts:AssumeRoleWithWebIdentity\",\"Condition\":{\"StringEquals\":{\"token.actions.githubusercontent.com:aud\":\"sts.amazonaws.com\"},\"StringLike\":{\"token.actions.githubusercontent.com:sub\":\"repo:jamesdouglasskirk96/Nerava:*\"}},\"Effect\":\"Allow\",\"Principal\":{\"Federated\":\"arn:aws:iam::566287346479:oidc-provider/token.actions.githubusercontent.com\"}}],\"Version\":\"2012-10-17\"}",
            "create_date": "2026-01-06T16:46:44Z",
            "description": "",
            "force_detach_policies": false,
            "id": "nerava-github-actions-role",
            "inline_policy": [],
            "managed_policy_arns": [],
            "max_session_duration": 3600,
            "name": "nerava-github-actions-role",
            "name_prefix": "",
            "path": "/",
            "permissions_boundary": "",
            "tags": {
              "Name": "nerava-github-actions-role"
            },
            "tags_all": {
              "Environment": "prod",
              "ManagedBy": "Terraform",
              "Name": "nerava-github-actions-role",
              "Project": "Nerava"
            },
            "unique_id": "AROAYHWK3FMXXKGUKAHU4"
          },
          "sensitive_attributes": [],
          "private": "bnVsbA==",
          "dependencies": [
            "aws_iam_openid_connect_provider.github"
          ]
        }
      ]
    },
    {
      "mode": "managed",
      "type": "aws_iam_role_policy",
      "name": "ecs_task_secrets",
      "provider": "provider[\"registry.terraform.io/hashicorp/aws\"]",
      "instances": [
        {
          "schema_version": 0,
          "attributes": {
            "id": "nerava-ecs-task-role:nerava-ecs-task-secrets-policy",
            "name": "nerava-ecs-task-secrets-policy",
            "name_prefix": "",
            "policy": "{\"Version\":\"2012-10-17\",\"Statement\":[{\"Action\":[\"secretsmanager:GetSecretValue\",\"secretsmanager:DescribeSecret\"],\"Effect\":\"Allow\",\"Resource\":[\"arn:aws:secretsmanager:us-east-1:566287346479:secret:nerava/backend/database-ZIdonM\",\"arn:aws:secretsmanager:us-east-1:566287346479:secret:nerava/backend/jwt-secret-eEFkD3\",\"arn:aws:secretsmanager:us-east-1:566287346479:secret:nerava/backend/token-encryption-key-qKpHHN\",\"arn:aws:secretsmanager:us-east-1:566287346479:secret:nerava/backend/twilio-FGPF03\",\"arn:aws:secretsmanager:us-east-1:566287346479:secret:nerava/backend/google-1qJch8\",\"arn:aws:secretsmanager:us-east-1:566287346479:secret:nerava/backend/square-SMAZ4N\",\"arn:aws:secretsmanager:us-east-1:566287346479:secret:nerava/backend/stripe-KI8vg5\",\"arn:aws:secretsmanager:us-east-1:566287346479:secret:nerava/backend/smartcar-REDGQK\",\"arn:aws:secretsmanager:us-east-1:566287346479:secret:nerava/backend/posthog-cUh9Pb\"]}]}",
            "role": "nerava-ecs-task-role"
          },
          "sensitive_attributes": [],
          "private": "bnVsbA==",
          "dependencies": [
            "aws_iam_role.ecs_task",
            "aws_secretsmanager_secret.backend_database",
            "aws_secretsmanager_secret.backend_google",
            "aws_secretsmanager_secret.backend_jwt_secret",
            "aws_secretsmanager_secret.backend_posthog",
            "aws_secretsmanager_secret.backend_smartcar",
            "aws_secretsmanager_secret.backend_square",
            "aws_secretsmanager_secret.backend_stripe",
            "aws_secretsmanager_secret.backend_token_encryption_key",
            "aws_secretsmanager_secret.backend_twilio"
          ]
        }
      ]
    },
    {
      "mode": "managed",
      "type": "aws_iam_role_policy",
      "name": "github_actions_deploy",
      "provider": "provider[\"registry.terraform.io/hashicorp/aws\"]",
      "instances": [
        {
          "index_key": 0,
          "schema_version": 0,
          "attributes": {
            "id": "nerava-github-actions-role:nerava-github-actions-deploy-policy",
            "name": "nerava-github-actions-deploy-policy",
            "name_prefix": "",
            "policy": "{\"Version\":\"2012-10-17\",\"Statement\":[{\"Action\":[\"ecr:GetAuthorizationToken\",\"ecr:BatchCheckLayerAvailability\",\"ecr:GetDownloadUrlForLayer\",\"ecr:BatchGetImage\",\"ecr:PutImage\",\"ecr:InitiateLayerUpload\",\"ecr:UploadLayerPart\",\"ecr:CompleteLayerUpload\"],\"Effect\":\"Allow\",\"Resource\":\"*\"},{\"Action\":[\"ecs:UpdateService\",\"ecs:DescribeServices\",\"ecs:DescribeTaskDefinition\",\"ecs:RegisterTaskDefinition\",\"ecs:RunTask\",\"ecs:DescribeTasks\",\"ecs:ListTasks\"],\"Effect\":\"Allow\",\"Resource\":\"*\"},{\"Action\":[\"iam:PassRole\"],\"Effect\":\"Allow\",\"Resource\":[\"arn:aws:iam::566287346479:role/nerava-ecs-task-execution-role\",\"arn:aws:iam::566287346479:role/nerava-ecs-task-role\"]},{\"Action\":[\"secretsmanager:GetSecretValue\",\"secretsmanager:DescribeSecret\"],\"Effect\":\"Allow\",\"Resource\":[\"arn:aws:secretsmanager:us-east-1:566287346479:secret:nerava/backend/database-ZIdonM\",\"arn:aws:secretsmanager:us-east-1:566287346479:secret:nerava/backend/jwt-secret-eEFkD3\",\"arn:aws:secretsmanager:us-east-1:566287346479:secret:nerava/backend/token-encryption-key-qKpHHN\",\"arn:aws:secretsmanager:us-east-1:566287346479:secret:nerava/backend/twilio-FGPF03\",\"arn:aws:secretsmanager:us-east-1:566287346479:secret:nerava/backend/google-1qJch8\",\"arn:aws:secretsmanager:us-east-1:566287346479:secret:nerava/backend/square-SMAZ4N\",\"arn:aws:secretsmanager:us-east-1:566287346479:secret:nerava/backend/stripe-KI8vg5\",\"arn:aws:secretsmanager:us-east-1:566287346479:secret:nerava/backend/smartcar-REDGQK\",\"arn:aws:secretsmanager:us-east-1:566287346479:secret:nerava/backend/posthog-cUh9Pb\"]}]}",
            "role": "nerava-github-actions-role"
          },
          "sensitive_attributes": [],
          "private": "bnVsbA==",
          "dependencies": [
            "aws_iam_role.ecs_task",
            "aws_iam_role.ecs_task_execution",
            "aws_iam_role.github_actions",
            "aws_secretsmanager_secret.backend_database",
            "aws_secretsmanager_secret.backend_google",
            "aws_secretsmanager_secret.backend_jwt_secret",
            "aws_secretsmanager_secret.backend_posthog",
            "aws_secretsmanager_secret.backend_smartcar",
            "aws_secretsmanager_secret.backend_square",
            "aws_secretsmanager_secret.backend_stripe",
            "aws_secretsmanager_secret.backend_token_encryption_key",
            "aws_secretsmanager_secret.backend_twilio"
          ]
        }
      ]
    },
    {
      "mode": "managed",
      "type": "aws_iam_role_policy_attachment",
      "name": "ecs_task_execution",
      "provider": "provider[\"registry.terraform.io/hashicorp/aws\"]",
      "instances": [
        {
          "schema_version": 0,
          "attributes": {
            "id": "nerava-ecs-task-execution-role-2026010616464474180000000c",
            "policy_arn": "arn:aws:iam::aws:policy/service-role/AmazonECSTaskExecutionRolePolicy",
            "role": "nerava-ecs-task-execution-role"
          },
          "sensitive_attributes": [],
          "private": "bnVsbA==",
          "dependencies": [
            "aws_iam_role.ecs_task_execution"
          ]
        }
      ]
    },
    {
      "mode": "managed",
      "type": "aws_internet_gateway",
      "name": "main",
      "provider": "provider[\"registry.terraform.io/hashicorp/aws\"]",
      "instances": [
        {
          "schema_version": 0,
          "attributes": {
            "arn": "arn:aws:ec2:us-east-1:566287346479:internet-gateway/igw-0417ed62c4709f61e",
            "id": "igw-0417ed62c4709f61e",
            "owner_id": "566287346479",
            "tags": {
              "Name": "nerava-igw"
            },
            "tags_all": {
              "Environment": "prod",
              "ManagedBy": "Terraform",
              "Name": "nerava-igw",
              "Project": "Nerava"
            },
            "timeouts": null,
            "vpc_id": "vpc-0abebbfe3f8e8c5d9"
          },
          "sensitive_attributes": [],
          "private": "eyJlMmJmYjczMC1lY2FhLTExZTYtOGY4OC0zNDM2M2JjN2M0YzAiOnsiY3JlYXRlIjoxMjAwMDAwMDAwMDAwLCJkZWxldGUiOjEyMDAwMDAwMDAwMDAsInVwZGF0ZSI6MTIwMDAwMDAwMDAwMH19",
          "dependencies": [
            "aws_vpc.main"
          ]
        }
      ]
    },
    {
      "mode": "managed",
      "type": "aws_lb_target_group",
      "name": "admin",
      "provider": "provider[\"registry.terraform.io/hashicorp/aws\"]",
      "instances": [
        {
          "schema_version": 0,
          "attributes": {
            "arn": "arn:aws:elasticloadbalancing:us-east-1:566287346479:targetgroup/nerava-admin-tg/e60d5d69ca640bac",
            "arn_suffix": "targetgroup/nerava-admin-tg/e60d5d69ca640bac",
            "connection_termination": null,
            "deregistration_delay": "300",
            "health_check": [
              {
                "enabled": true,
                "healthy_threshold": 2,
                "interval": 30,
                "matcher": "200",
                "path": "/",
                "port": "traffic-port",
                "protocol": "HTTP",
                "timeout": 5,
                "unhealthy_threshold": 2
              }
            ],
            "id": "arn:aws:elasticloadbalancing:us-east-1:566287346479:targetgroup/nerava-admin-tg/e60d5d69ca640bac",
            "ip_address_type": "ipv4",
            "lambda_multi_value_headers_enabled": false,
            "load_balancer_arns": [],
            "load_balancing_algorithm_type": "round_robin",
            "load_balancing_anomaly_mitigation": "off",
            "load_balancing_cross_zone_enabled": "use_load_balancer_configuration",
            "name": "nerava-admin-tg",
            "name_prefix": "",
            "port": 3003,
            "preserve_client_ip": null,
            "protocol": "HTTP",
            "protocol_version": "HTTP1",
            "proxy_protocol_v2": false,
            "slow_start": 0,
            "stickiness": [
              {
                "cookie_duration": 86400,
                "cookie_name": "",
                "enabled": false,
                "type": "lb_cookie"
              }
            ],
            "tags": {
              "Name": "nerava-admin-tg"
            },
            "tags_all": {
              "Environment": "prod",
              "ManagedBy": "Terraform",
              "Name": "nerava-admin-tg",
              "Project": "Nerava"
            },
            "target_failover": [
              {
                "on_deregistration": null,
                "on_unhealthy": null
              }
            ],
            "target_group_health": [
              {
                "dns_failover": [
                  {
                    "minimum_healthy_targets_count": "1",
                    "minimum_healthy_targets_percentage": "off"
                  }
                ],
                "unhealthy_state_routing": [
                  {
                    "minimum_healthy_targets_count": 1,
                    "minimum_healthy_targets_percentage": "off"
                  }
                ]
              }
            ],
            "target_health_state": [
              {
                "enable_unhealthy_connection_termination": null,
                "unhealthy_draining_interval": null
              }
            ],
            "target_type": "ip",
            "vpc_id": "vpc-0abebbfe3f8e8c5d9"
          },
          "sensitive_attributes": [],
          "private": "bnVsbA==",
          "dependencies": [
            "aws_vpc.main"
          ]
        }
      ]
    },
    {
      "mode": "managed",
      "type": "aws_lb_target_group",
      "name": "backend",
      "provider": "provider[\"registry.terraform.io/hashicorp/aws\"]",
      "instances": [
        {
          "schema_version": 0,
          "attributes": {
            "arn": "arn:aws:elasticloadbalancing:us-east-1:566287346479:targetgroup/nerava-backend-tg/801d2d7739529bd7",
            "arn_suffix": "targetgroup/nerava-backend-tg/801d2d7739529bd7",
            "connection_termination": null,
            "deregistration_delay": "300",
            "health_check": [
              {
                "enabled": true,
                "healthy_threshold": 2,
                "interval": 30,
                "matcher": "200",
                "path": "/health",
                "port": "traffic-port",
                "protocol": "HTTP",
                "timeout": 5,
                "unhealthy_threshold": 2
              }
            ],
            "id": "arn:aws:elasticloadbalancing:us-east-1:566287346479:targetgroup/nerava-backend-tg/801d2d7739529bd7",
            "ip_address_type": "ipv4",
            "lambda_multi_value_headers_enabled": false,
            "load_balancer_arns": [],
            "load_balancing_algorithm_type": "round_robin",
            "load_balancing_anomaly_mitigation": "off",
            "load_balancing_cross_zone_enabled": "use_load_balancer_configuration",
            "name": "nerava-backend-tg",
            "name_prefix": "",
            "port": 8001,
            "preserve_client_ip": null,
            "protocol": "HTTP",
            "protocol_version": "HTTP1",
            "proxy_protocol_v2": false,
            "slow_start": 0,
            "stickiness": [
              {
                "cookie_duration": 86400,
                "cookie_name": "",
                "enabled": false,
                "type": "lb_cookie"
              }
            ],
            "tags": {
              "Name": "nerava-backend-tg"
            },
            "tags_all": {
              "Environment": "prod",
              "ManagedBy": "Terraform",
              "Name": "nerava-backend-tg",
              "Project": "Nerava"
            },
            "target_failover": [
              {
                "on_deregistration": null,
                "on_unhealthy": null
              }
            ],
            "target_group_health": [
              {
                "dns_failover": [
                  {
                    "minimum_healthy_targets_count": "1",
                    "minimum_healthy_targets_percentage": "off"
                  }
                ],
                "unhealthy_state_routing": [
                  {
                    "minimum_healthy_targets_count": 1,
                    "minimum_healthy_targets_percentage": "off"
                  }
                ]
              }
            ],
            "target_health_state": [
              {
                "enable_unhealthy_connection_termination": null,
                "unhealthy_draining_interval": null
              }
            ],
            "target_type": "ip",
            "vpc_id": "vpc-0abebbfe3f8e8c5d9"
          },
          "sensitive_attributes": [],
          "private": "bnVsbA==",
          "dependencies": [
            "aws_vpc.main"
          ]
        }
      ]
    },
    {
      "mode": "managed",
      "type": "aws_lb_target_group",
      "name": "driver",
      "provider": "provider[\"registry.terraform.io/hashicorp/aws\"]",
      "instances": [
        {
          "schema_version": 0,
          "attributes": {
            "arn": "arn:aws:elasticloadbalancing:us-east-1:566287346479:targetgroup/nerava-driver-tg/f45cb2cb1af30c87",
            "arn_suffix": "targetgroup/nerava-driver-tg/f45cb2cb1af30c87",
            "connection_termination": null,
            "deregistration_delay": "300",
            "health_check": [
              {
                "enabled": true,
                "healthy_threshold": 2,
                "interval": 30,
                "matcher": "200",
                "path": "/",
                "port": "traffic-port",
                "protocol": "HTTP",
                "timeout": 5,
                "unhealthy_threshold": 2
              }
            ],
            "id": "arn:aws:elasticloadbalancing:us-east-1:566287346479:targetgroup/nerava-driver-tg/f45cb2cb1af30c87",
            "ip_address_type": "ipv4",
            "lambda_multi_value_headers_enabled": false,
            "load_balancer_arns": [],
            "load_balancing_algorithm_type": "round_robin",
            "load_balancing_anomaly_mitigation": "off",
            "load_balancing_cross_zone_enabled": "use_load_balancer_configuration",
            "name": "nerava-driver-tg",
            "name_prefix": "",
            "port": 3001,
            "preserve_client_ip": null,
            "protocol": "HTTP",
            "protocol_version": "HTTP1",
            "proxy_protocol_v2": false,
            "slow_start": 0,
            "stickiness": [
              {
                "cookie_duration": 86400,
                "cookie_name": "",
                "enabled": false,
                "type": "lb_cookie"
              }
            ],
            "tags": {
              "Name": "nerava-driver-tg"
            },
            "tags_all": {
              "Environment": "prod",
              "ManagedBy": "Terraform",
              "Name": "nerava-driver-tg",
              "Project": "Nerava"
            },
            "target_failover": [
              {
                "on_deregistration": null,
                "on_unhealthy": null
              }
            ],
            "target_group_health": [
              {
                "dns_failover": [
                  {
                    "minimum_healthy_targets_count": "1",
                    "minimum_healthy_targets_percentage": "off"
                  }
                ],
                "unhealthy_state_routing": [
                  {
                    "minimum_healthy_targets_count": 1,
                    "minimum_healthy_targets_percentage": "off"
                  }
                ]
              }
            ],
            "target_health_state": [
              {
                "enable_unhealthy_connection_termination": null,
                "unhealthy_draining_interval": null
              }
            ],
            "target_type": "ip",
            "vpc_id": "vpc-0abebbfe3f8e8c5d9"
          },
          "sensitive_attributes": [],
          "private": "bnVsbA==",
          "dependencies": [
            "aws_vpc.main"
          ]
        }
      ]
    },
    {
      "mode": "managed",
      "type": "aws_lb_target_group",
      "name": "landing",
      "provider": "provider[\"registry.terraform.io/hashicorp/aws\"]",
      "instances": [
        {
          "schema_version": 0,
          "attributes": {
            "arn": "arn:aws:elasticloadbalancing:us-east-1:566287346479:targetgroup/nerava-landing-tg/378ee02af6bd040c",
            "arn_suffix": "targetgroup/nerava-landing-tg/378ee02af6bd040c",
            "connection_termination": null,
            "deregistration_delay": "300",
            "health_check": [
              {
                "enabled": true,
                "healthy_threshold": 2,
                "interval": 30,
                "matcher": "200",
                "path": "/",
                "port": "traffic-port",
                "protocol": "HTTP",
                "timeout": 5,
                "unhealthy_threshold": 2
              }
            ],
            "id": "arn:aws:elasticloadbalancing:us-east-1:566287346479:targetgroup/nerava-landing-tg/378ee02af6bd040c",
            "ip_address_type": "ipv4",
            "lambda_multi_value_headers_enabled": false,
            "load_balancer_arns": [],
            "load_balancing_algorithm_type": "round_robin",
            "load_balancing_anomaly_mitigation": "off",
            "load_balancing_cross_zone_enabled": "use_load_balancer_configuration",
            "name": "nerava-landing-tg",
            "name_prefix": "",
            "port": 3000,
            "preserve_client_ip": null,
            "protocol": "HTTP",
            "protocol_version": "HTTP1",
            "proxy_protocol_v2": false,
            "slow_start": 0,
            "stickiness": [
              {
                "cookie_duration": 86400,
                "cookie_name": "",
                "enabled": false,
                "type": "lb_cookie"
              }
            ],
            "tags": {
              "Name": "nerava-landing-tg"
            },
            "tags_all": {
              "Environment": "prod",
              "ManagedBy": "Terraform",
              "Name": "nerava-landing-tg",
              "Project": "Nerava"
            },
            "target_failover": [
              {
                "on_deregistration": null,
                "on_unhealthy": null
              }
            ],
            "target_group_health": [
              {
                "dns_failover": [
                  {
                    "minimum_healthy_targets_count": "1",
                    "minimum_healthy_targets_percentage": "off"
                  }
                ],
                "unhealthy_state_routing": [
                  {
                    "minimum_healthy_targets_count": 1,
                    "minimum_healthy_targets_percentage": "off"
                  }
                ]
              }
            ],
            "target_health_state": [
              {
                "enable_unhealthy_connection_termination": null,
                "unhealthy_draining_interval": null
              }
            ],
            "target_type": "ip",
            "vpc_id": "vpc-0abebbfe3f8e8c5d9"
          },
          "sensitive_attributes": [],
          "private": "bnVsbA==",
          "dependencies": [
            "aws_vpc.main"
          ]
        }
      ]
    },
    {
      "mode": "managed",
      "type": "aws_lb_target_group",
      "name": "merchant",
      "provider": "provider[\"registry.terraform.io/hashicorp/aws\"]",
      "instances": [
        {
          "schema_version": 0,
          "attributes": {
            "arn": "arn:aws:elasticloadbalancing:us-east-1:566287346479:targetgroup/nerava-merchant-tg/cba7e81acd4ea465",
            "arn_suffix": "targetgroup/nerava-merchant-tg/cba7e81acd4ea465",
            "connection_termination": null,
            "deregistration_delay": "300",
            "health_check": [
              {
                "enabled": true,
                "healthy_threshold": 2,
                "interval": 30,
                "matcher": "200",
                "path": "/",
                "port": "traffic-port",
                "protocol": "HTTP",
                "timeout": 5,
                "unhealthy_threshold": 2
              }
            ],
            "id": "arn:aws:elasticloadbalancing:us-east-1:566287346479:targetgroup/nerava-merchant-tg/cba7e81acd4ea465",
            "ip_address_type": "ipv4",
            "lambda_multi_value_headers_enabled": false,
            "load_balancer_arns": [],
            "load_balancing_algorithm_type": "round_robin",
            "load_balancing_anomaly_mitigation": "off",
            "load_balancing_cross_zone_enabled": "use_load_balancer_configuration",
            "name": "nerava-merchant-tg",
            "name_prefix": "",
            "port": 3002,
            "preserve_client_ip": null,
            "protocol": "HTTP",
            "protocol_version": "HTTP1",
            "proxy_protocol_v2": false,
            "slow_start": 0,
            "stickiness": [
              {
                "cookie_duration": 86400,
                "cookie_name": "",
                "enabled": false,
                "type": "lb_cookie"
              }
            ],
            "tags": {
              "Name": "nerava-merchant-tg"
            },
            "tags_all": {
              "Environment": "prod",
              "ManagedBy": "Terraform",
              "Name": "nerava-merchant-tg",
              "Project": "Nerava"
            },
            "target_failover": [
              {
                "on_deregistration": null,
                "on_unhealthy": null
              }
            ],
            "target_group_health": [
              {
                "dns_failover": [
                  {
                    "minimum_healthy_targets_count": "1",
                    "minimum_healthy_targets_percentage": "off"
                  }
                ],
                "unhealthy_state_routing": [
                  {
                    "minimum_healthy_targets_count": 1,
                    "minimum_healthy_targets_percentage": "off"
                  }
                ]
              }
            ],
            "target_health_state": [
              {
                "enable_unhealthy_connection_termination": null,
                "unhealthy_draining_interval": null
              }
            ],
            "target_type": "ip",
            "vpc_id": "vpc-0abebbfe3f8e8c5d9"
          },
          "sensitive_attributes": [],
          "private": "bnVsbA==",
          "dependencies": [
            "aws_vpc.main"
          ]
        }
      ]
    },
    {
      "mode": "managed",
      "type": "aws_nat_gateway",
      "name": "main",
      "provider": "provider[\"registry.terraform.io/hashicorp/aws\"]",
      "instances": [
        {
          "index_key": 0,
          "schema_version": 0,
          "attributes": {
            "allocation_id": "eipalloc-04c5d0ba0bebe0a66",
            "association_id": "eipassoc-0c51348fcb3311683",
            "connectivity_type": "public",
            "id": "nat-09eb97799ebddeb61",
            "network_interface_id": "eni-091dcd1904f73a619",
            "private_ip": "10.0.1.144",
            "public_ip": "107.21.48.208",
            "secondary_allocation_ids": [],
            "secondary_private_ip_address_count": 0,
            "secondary_private_ip_addresses": [],
            "subnet_id": "subnet-056d4f7ed5134d6ba",
            "tags": {
              "Name": "nerava-nat-1"
            },
            "tags_all": {
              "Environment": "prod",
              "ManagedBy": "Terraform",
              "Name": "nerava-nat-1",
              "Project": "Nerava"
            },
            "timeouts": null
          },
          "sensitive_attributes": [],
          "private": "eyJlMmJmYjczMC1lY2FhLTExZTYtOGY4OC0zNDM2M2JjN2M0YzAiOnsiY3JlYXRlIjo2MDAwMDAwMDAwMDAsImRlbGV0ZSI6MTgwMDAwMDAwMDAwMCwidXBkYXRlIjo2MDAwMDAwMDAwMDB9fQ==",
          "dependencies": [
            "aws_eip.nat",
            "aws_internet_gateway.main",
            "aws_subnet.public",
            "aws_vpc.main"
          ]
        },
        {
          "index_key": 1,
          "schema_version": 0,
          "attributes": {
            "allocation_id": "eipalloc-0d7672f6c3057b181",
            "association_id": "eipassoc-010fae8ea6cf02cee",
            "connectivity_type": "public",
            "id": "nat-0acc8bcfb3f38cb7d",
            "network_interface_id": "eni-01aff4fdfa1e15246",
            "private_ip": "10.0.2.245",
            "public_ip": "3.208.130.45",
            "secondary_allocation_ids": [],
            "secondary_private_ip_address_count": 0,
            "secondary_private_ip_addresses": [],
            "subnet_id": "subnet-0444f08a2c28cb5b6",
            "tags": {
              "Name": "nerava-nat-2"
            },
            "tags_all": {
              "Environment": "prod",
              "ManagedBy": "Terraform",
              "Name": "nerava-nat-2",
              "Project": "Nerava"
            },
            "timeouts": null
          },
          "sensitive_attributes": [],
          "private": "eyJlMmJmYjczMC1lY2FhLTExZTYtOGY4OC0zNDM2M2JjN2M0YzAiOnsiY3JlYXRlIjo2MDAwMDAwMDAwMDAsImRlbGV0ZSI6MTgwMDAwMDAwMDAwMCwidXBkYXRlIjo2MDAwMDAwMDAwMDB9fQ==",
          "dependencies": [
            "aws_eip.nat",
            "aws_internet_gateway.main",
            "aws_subnet.public",
            "aws_vpc.main"
          ]
        }
      ]
    },
    {
      "mode": "managed",
      "type": "aws_route53_record",
      "name": "cert_validation",
      "provider": "provider[\"registry.terraform.io/hashicorp/aws\"]",
      "instances": [
        {
          "index_key": "*.nerava.network",
          "schema_version": 2,
          "attributes": {
            "alias": [],
            "allow_overwrite": true,
            "cidr_routing_policy": [],
            "failover_routing_policy": [],
            "fqdn": "_7f3f76687f1fdce099aac1c95e50b99b.nerava.network",
            "geolocation_routing_policy": [],
            "geoproximity_routing_policy": [],
            "health_check_id": "",
            "id": "Z03087823KHR6VJQ9AGZL__7f3f76687f1fdce099aac1c95e50b99b.nerava.network._CNAME",
            "latency_routing_policy": [],
            "multivalue_answer_routing_policy": false,
            "name": "_7f3f76687f1fdce099aac1c95e50b99b.nerava.network",
            "records": [
              "_4ea9712d4b0c50a1e3675e1c0b2d1c03.jkddzztszm.acm-validations.aws."
            ],
            "set_identifier": "",
            "timeouts": null,
            "ttl": 60,
            "type": "CNAME",
            "weighted_routing_policy": [],
            "zone_id": "Z03087823KHR6VJQ9AGZL"
          },
          "sensitive_attributes": [],
          "private": "eyJlMmJmYjczMC1lY2FhLTExZTYtOGY4OC0zNDM2M2JjN2M0YzAiOnsiY3JlYXRlIjoxODAwMDAwMDAwMDAwLCJkZWxldGUiOjE4MDAwMDAwMDAwMDAsInVwZGF0ZSI6MTgwMDAwMDAwMDAwMH0sInNjaGVtYV92ZXJzaW9uIjoiMiJ9",
          "dependencies": [
            "aws_acm_certificate.main",
            "aws_route53_zone.main"
          ]
        },
        {
          "index_key": "nerava.network",
          "schema_version": 2,
          "attributes": {
            "alias": [],
            "allow_overwrite": true,
            "cidr_routing_policy": [],
            "failover_routing_policy": [],
            "fqdn": "_7f3f76687f1fdce099aac1c95e50b99b.nerava.network",
            "geolocation_routing_policy": [],
            "geoproximity_routing_policy": [],
            "health_check_id": "",
            "id": "Z03087823KHR6VJQ9AGZL__7f3f76687f1fdce099aac1c95e50b99b.nerava.network._CNAME",
            "latency_routing_policy": [],
            "multivalue_answer_routing_policy": false,
            "name": "_7f3f76687f1fdce099aac1c95e50b99b.nerava.network",
            "records": [
              "_4ea9712d4b0c50a1e3675e1c0b2d1c03.jkddzztszm.acm-validations.aws."
            ],
            "set_identifier": "",
            "timeouts": null,
            "ttl": 60,
            "type": "CNAME",
            "weighted_routing_policy": [],
            "zone_id": "Z03087823KHR6VJQ9AGZL"
          },
          "sensitive_attributes": [],
          "private": "eyJlMmJmYjczMC1lY2FhLTExZTYtOGY4OC0zNDM2M2JjN2M0YzAiOnsiY3JlYXRlIjoxODAwMDAwMDAwMDAwLCJkZWxldGUiOjE4MDAwMDAwMDAwMDAsInVwZGF0ZSI6MTgwMDAwMDAwMDAwMH0sInNjaGVtYV92ZXJzaW9uIjoiMiJ9",
          "dependencies": [
            "aws_acm_certificate.main",
            "aws_route53_zone.main"
          ]
        }
      ]
    },
    {
      "mode": "managed",
      "type": "aws_route53_zone",
      "name": "main",
      "provider": "provider[\"registry.terraform.io/hashicorp/aws\"]",
      "instances": [
        {
          "index_key": 0,
          "schema_version": 0,
          "attributes": {
            "arn": "arn:aws:route53:::hostedzone/Z03087823KHR6VJQ9AGZL",
            "comment": "Managed by Terraform",
            "delegation_set_id": "",
            "force_destroy": false,
            "id": "Z03087823KHR6VJQ9AGZL",
            "name": "nerava.network",
            "name_servers": [
              "ns-1406.awsdns-47.org",
              "ns-1734.awsdns-24.co.uk",
              "ns-791.awsdns-34.net",
              "ns-92.awsdns-11.com"
            ],
            "primary_name_server": "ns-791.awsdns-34.net",
            "tags": {
              "Name": "nerava-zone"
            },
            "tags_all": {
              "Environment": "prod",
              "ManagedBy": "Terraform",
              "Name": "nerava-zone",
              "Project": "Nerava"
            },
            "timeouts": null,
            "vpc": [],
            "zone_id": "Z03087823KHR6VJQ9AGZL"
          },
          "sensitive_attributes": [],
          "private": "eyJlMmJmYjczMC1lY2FhLTExZTYtOGY4OC0zNDM2M2JjN2M0YzAiOnsiY3JlYXRlIjoxODAwMDAwMDAwMDAwLCJkZWxldGUiOjE4MDAwMDAwMDAwMDAsInVwZGF0ZSI6MTgwMDAwMDAwMDAwMH19"
        }
      ]
    },
    {
      "mode": "managed",
      "type": "aws_route_table",
      "name": "private",
      "provider": "provider[\"registry.terraform.io/hashicorp/aws\"]",
      "instances": [
        {
          "index_key": 0,
          "schema_version": 0,
          "attributes": {
            "arn": "arn:aws:ec2:us-east-1:566287346479:route-table/rtb-099d9a5ff102f3374",
            "id": "rtb-099d9a5ff102f3374",
            "owner_id": "566287346479",
            "propagating_vgws": [],
            "route": [
              {
                "carrier_gateway_id": "",
                "cidr_block": "0.0.0.0/0",
                "core_network_arn": "",
                "destination_prefix_list_id": "",
                "egress_only_gateway_id": "",
                "gateway_id": "",
                "ipv6_cidr_block": "",
                "local_gateway_id": "",
                "nat_gateway_id": "nat-09eb97799ebddeb61",
                "network_interface_id": "",
                "transit_gateway_id": "",
                "vpc_endpoint_id": "",
                "vpc_peering_connection_id": ""
              }
            ],
            "tags": {
              "Name": "nerava-private-rt-1"
            },
            "tags_all": {
              "Environment": "prod",
              "ManagedBy": "Terraform",
              "Name": "nerava-private-rt-1",
              "Project": "Nerava"
            },
            "timeouts": null,
            "vpc_id": "vpc-0abebbfe3f8e8c5d9"
          },
          "sensitive_attributes": [],
          "private": "eyJlMmJmYjczMC1lY2FhLTExZTYtOGY4OC0zNDM2M2JjN2M0YzAiOnsiY3JlYXRlIjozMDAwMDAwMDAwMDAsImRlbGV0ZSI6MzAwMDAwMDAwMDAwLCJ1cGRhdGUiOjEyMDAwMDAwMDAwMH19",
          "dependencies": [
            "aws_eip.nat",
            "aws_internet_gateway.main",
            "aws_nat_gateway.main",
            "aws_subnet.public",
            "aws_vpc.main"
          ]
        },
        {
          "index_key": 1,
          "schema_version": 0,
          "attributes": {
            "arn": "arn:aws:ec2:us-east-1:566287346479:route-table/rtb-056ceec18f44351bc",
            "id": "rtb-056ceec18f44351bc",
            "owner_id": "566287346479",
            "propagating_vgws": [],
            "route": [
              {
                "carrier_gateway_id": "",
                "cidr_block": "0.0.0.0/0",
                "core_network_arn": "",
                "destination_prefix_list_id": "",
                "egress_only_gateway_id": "",
                "gateway_id": "",
                "ipv6_cidr_block": "",
                "local_gateway_id": "",
                "nat_gateway_id": "nat-0acc8bcfb3f38cb7d",
                "network_interface_id": "",
                "transit_gateway_id": "",
                "vpc_endpoint_id": "",
                "vpc_peering_connection_id": ""
              }
            ],
            "tags": {
              "Name": "nerava-private-rt-2"
            },
            "tags_all": {
              "Environment": "prod",
              "ManagedBy": "Terraform",
              "Name": "nerava-private-rt-2",
              "Project": "Nerava"
            },
            "timeouts": null,
            "vpc_id": "vpc-0abebbfe3f8e8c5d9"
          },
          "sensitive_attributes": [],
          "private": "eyJlMmJmYjczMC1lY2FhLTExZTYtOGY4OC0zNDM2M2JjN2M0YzAiOnsiY3JlYXRlIjozMDAwMDAwMDAwMDAsImRlbGV0ZSI6MzAwMDAwMDAwMDAwLCJ1cGRhdGUiOjEyMDAwMDAwMDAwMH19",
          "dependencies": [
            "aws_eip.nat",
            "aws_internet_gateway.main",
            "aws_nat_gateway.main",
            "aws_subnet.public",
            "aws_vpc.main"
          ]
        }
      ]
    },
    {
      "mode": "managed",
      "type": "aws_route_table",
      "name": "public",
      "provider": "provider[\"registry.terraform.io/hashicorp/aws\"]",
      "instances": [
        {
          "schema_version": 0,
          "attributes": {
            "arn": "arn:aws:ec2:us-east-1:566287346479:route-table/rtb-01cf8eda501ecadf3",
            "id": "rtb-01cf8eda501ecadf3",
            "owner_id": "566287346479",
            "propagating_vgws": [],
            "route": [
              {
                "carrier_gateway_id": "",
                "cidr_block": "0.0.0.0/0",
                "core_network_arn": "",
                "destination_prefix_list_id": "",
                "egress_only_gateway_id": "",
                "gateway_id": "igw-0417ed62c4709f61e",
                "ipv6_cidr_block": "",
                "local_gateway_id": "",
                "nat_gateway_id": "",
                "network_interface_id": "",
                "transit_gateway_id": "",
                "vpc_endpoint_id": "",
                "vpc_peering_connection_id": ""
              }
            ],
            "tags": {
              "Name": "nerava-public-rt"
            },
            "tags_all": {
              "Environment": "prod",
              "ManagedBy": "Terraform",
              "Name": "nerava-public-rt",
              "Project": "Nerava"
            },
            "timeouts": null,
            "vpc_id": "vpc-0abebbfe3f8e8c5d9"
          },
          "sensitive_attributes": [],
          "private": "eyJlMmJmYjczMC1lY2FhLTExZTYtOGY4OC0zNDM2M2JjN2M0YzAiOnsiY3JlYXRlIjozMDAwMDAwMDAwMDAsImRlbGV0ZSI6MzAwMDAwMDAwMDAwLCJ1cGRhdGUiOjEyMDAwMDAwMDAwMH19",
          "dependencies": [
            "aws_internet_gateway.main",
            "aws_vpc.main"
          ]
        }
      ]
    },
    {
      "mode": "managed",
      "type": "aws_route_table_association",
      "name": "private",
      "provider": "provider[\"registry.terraform.io/hashicorp/aws\"]",
      "instances": [
        {
          "index_key": 0,
          "schema_version": 0,
          "attributes": {
            "gateway_id": "",
            "id": "rtbassoc-06da51b9221c5d6c3",
            "route_table_id": "rtb-099d9a5ff102f3374",
            "subnet_id": "subnet-09e93ac439f055433",
            "timeouts": null
          },
          "sensitive_attributes": [],
          "private": "eyJlMmJmYjczMC1lY2FhLTExZTYtOGY4OC0zNDM2M2JjN2M0YzAiOnsiY3JlYXRlIjozMDAwMDAwMDAwMDAsImRlbGV0ZSI6MzAwMDAwMDAwMDAwLCJ1cGRhdGUiOjEyMDAwMDAwMDAwMH19",
          "dependencies": [
            "aws_eip.nat",
            "aws_internet_gateway.main",
            "aws_nat_gateway.main",
            "aws_route_table.private",
            "aws_subnet.private",
            "aws_subnet.public",
            "aws_vpc.main"
          ]
        },
        {
          "index_key": 1,
          "schema_version": 0,
          "attributes": {
            "gateway_id": "",
            "id": "rtbassoc-071c0b575e034720f",
            "route_table_id": "rtb-056ceec18f44351bc",
            "subnet_id": "subnet-0799f57a84cdb0671",
            "timeouts": null
          },
          "sensitive_attributes": [],
          "private": "eyJlMmJmYjczMC1lY2FhLTExZTYtOGY4OC0zNDM2M2JjN2M0YzAiOnsiY3JlYXRlIjozMDAwMDAwMDAwMDAsImRlbGV0ZSI6MzAwMDAwMDAwMDAwLCJ1cGRhdGUiOjEyMDAwMDAwMDAwMH19",
          "dependencies": [
            "aws_eip.nat",
            "aws_internet_gateway.main",
            "aws_nat_gateway.main",
            "aws_route_table.private",
            "aws_subnet.private",
            "aws_subnet.public",
            "aws_vpc.main"
          ]
        }
      ]
    },
    {
      "mode": "managed",
      "type": "aws_route_table_association",
      "name": "public",
      "provider": "provider[\"registry.terraform.io/hashicorp/aws\"]",
      "instances": [
        {
          "index_key": 0,
          "schema_version": 0,
          "attributes": {
            "gateway_id": "",
            "id": "rtbassoc-047ddba00bd57e223",
            "route_table_id": "rtb-01cf8eda501ecadf3",
            "subnet_id": "subnet-056d4f7ed5134d6ba",
            "timeouts": null
          },
          "sensitive_attributes": [],
          "private": "eyJlMmJmYjczMC1lY2FhLTExZTYtOGY4OC0zNDM2M2JjN2M0YzAiOnsiY3JlYXRlIjozMDAwMDAwMDAwMDAsImRlbGV0ZSI6MzAwMDAwMDAwMDAwLCJ1cGRhdGUiOjEyMDAwMDAwMDAwMH19",
          "dependencies": [
            "aws_internet_gateway.main",
            "aws_route_table.public",
            "aws_subnet.public",
            "aws_vpc.main"
          ]
        },
        {
          "index_key": 1,
          "schema_version": 0,
          "attributes": {
            "gateway_id": "",
            "id": "rtbassoc-03fd1c9b55da96028",
            "route_table_id": "rtb-01cf8eda501ecadf3",
            "subnet_id": "subnet-0444f08a2c28cb5b6",
            "timeouts": null
          },
          "sensitive_attributes": [],
          "private": "eyJlMmJmYjczMC1lY2FhLTExZTYtOGY4OC0zNDM2M2JjN2M0YzAiOnsiY3JlYXRlIjozMDAwMDAwMDAwMDAsImRlbGV0ZSI6MzAwMDAwMDAwMDAwLCJ1cGRhdGUiOjEyMDAwMDAwMDAwMH19",
          "dependencies": [
            "aws_internet_gateway.main",
            "aws_route_table.public",
            "aws_subnet.public",
            "aws_vpc.main"
          ]
        }
      ]
    },
    {
      "mode": "managed",
      "type": "aws_secretsmanager_secret",
      "name": "backend_database",
      "provider": "provider[\"registry.terraform.io/hashicorp/aws\"]",
      "instances": [
        {
          "schema_version": 0,
          "attributes": {
            "arn": "arn:aws:secretsmanager:us-east-1:566287346479:secret:nerava/backend/database-ZIdonM",
            "description": "RDS PostgreSQL connection string and credentials",
            "force_overwrite_replica_secret": false,
            "id": "arn:aws:secretsmanager:us-east-1:566287346479:secret:nerava/backend/database-ZIdonM",
            "kms_key_id": "",
            "name": "nerava/backend/database",
            "name_prefix": "",
            "policy": "",
            "recovery_window_in_days": 30,
            "replica": [],
            "tags": {
              "Name": "nerava-backend-database-secret"
            },
            "tags_all": {
              "Environment": "prod",
              "ManagedBy": "Terraform",
              "Name": "nerava-backend-database-secret",
              "Project": "Nerava"
            }
          },
          "sensitive_attributes": [],
          "private": "bnVsbA=="
        }
      ]
    },
    {
      "mode": "managed",
      "type": "aws_secretsmanager_secret",
      "name": "backend_google",
      "provider": "provider[\"registry.terraform.io/hashicorp/aws\"]",
      "instances": [
        {
          "schema_version": 0,
          "attributes": {
            "arn": "arn:aws:secretsmanager:us-east-1:566287346479:secret:nerava/backend/google-1qJch8",
            "description": "Google OAuth credentials",
            "force_overwrite_replica_secret": false,
            "id": "arn:aws:secretsmanager:us-east-1:566287346479:secret:nerava/backend/google-1qJch8",
            "kms_key_id": "",
            "name": "nerava/backend/google",
            "name_prefix": "",
            "policy": "",
            "recovery_window_in_days": 30,
            "replica": [],
            "tags": {
              "Name": "nerava-backend-google-secret"
            },
            "tags_all": {
              "Environment": "prod",
              "ManagedBy": "Terraform",
              "Name": "nerava-backend-google-secret",
              "Project": "Nerava"
            }
          },
          "sensitive_attributes": [],
          "private": "bnVsbA=="
        }
      ]
    },
    {
      "mode": "managed",
      "type": "aws_secretsmanager_secret",
      "name": "backend_jwt_secret",
      "provider": "provider[\"registry.terraform.io/hashicorp/aws\"]",
      "instances": [
        {
          "schema_version": 0,
          "attributes": {
            "arn": "arn:aws:secretsmanager:us-east-1:566287346479:secret:nerava/backend/jwt-secret-eEFkD3",
            "description": "JWT secret for token signing",
            "force_overwrite_replica_secret": false,
            "id": "arn:aws:secretsmanager:us-east-1:566287346479:secret:nerava/backend/jwt-secret-eEFkD3",
            "kms_key_id": "",
            "name": "nerava/backend/jwt-secret",
            "name_prefix": "",
            "policy": "",
            "recovery_window_in_days": 30,
            "replica": [],
            "tags": {
              "Name": "nerava-backend-jwt-secret"
            },
            "tags_all": {
              "Environment": "prod",
              "ManagedBy": "Terraform",
              "Name": "nerava-backend-jwt-secret",
              "Project": "Nerava"
            }
          },
          "sensitive_attributes": [],
          "private": "bnVsbA=="
        }
      ]
    },
    {
      "mode": "managed",
      "type": "aws_secretsmanager_secret",
      "name": "backend_posthog",
      "provider": "provider[\"registry.terraform.io/hashicorp/aws\"]",
      "instances": [
        {
          "schema_version": 0,
          "attributes": {
            "arn": "arn:aws:secretsmanager:us-east-1:566287346479:secret:nerava/backend/posthog-cUh9Pb",
            "description": "PostHog analytics key",
            "force_overwrite_replica_secret": false,
            "id": "arn:aws:secretsmanager:us-east-1:566287346479:secret:nerava/backend/posthog-cUh9Pb",
            "kms_key_id": "",
            "name": "nerava/backend/posthog",
            "name_prefix": "",
            "policy": "",
            "recovery_window_in_days": 30,
            "replica": [],
            "tags": {
              "Name": "nerava-backend-posthog-secret"
            },
            "tags_all": {
              "Environment": "prod",
              "ManagedBy": "Terraform",
              "Name": "nerava-backend-posthog-secret",
              "Project": "Nerava"
            }
          },
          "sensitive_attributes": [],
          "private": "bnVsbA=="
        }
      ]
    },
    {
      "mode": "managed",
      "type": "aws_secretsmanager_secret",
      "name": "backend_smartcar",
      "provider": "provider[\"registry.terraform.io/hashicorp/aws\"]",
      "instances": [
        {
          "schema_version": 0,
          "attributes": {
            "arn": "arn:aws:secretsmanager:us-east-1:566287346479:secret:nerava/backend/smartcar-REDGQK",
            "description": "Smartcar API credentials",
            "force_overwrite_replica_secret": false,
            "id": "arn:aws:secretsmanager:us-east-1:566287346479:secret:nerava/backend/smartcar-REDGQK",
            "kms_key_id": "",
            "name": "nerava/backend/smartcar",
            "name_prefix": "",
            "policy": "",
            "recovery_window_in_days": 30,
            "replica": [],
            "tags": {
              "Name": "nerava-backend-smartcar-secret"
            },
            "tags_all": {
              "Environment": "prod",
              "ManagedBy": "Terraform",
              "Name": "nerava-backend-smartcar-secret",
              "Project": "Nerava"
            }
          },
          "sensitive_attributes": [],
          "private": "bnVsbA=="
        }
      ]
    },
    {
      "mode": "managed",
      "type": "aws_secretsmanager_secret",
      "name": "backend_square",
      "provider": "provider[\"registry.terraform.io/hashicorp/aws\"]",
      "instances": [
        {
          "schema_version": 0,
          "attributes": {
            "arn": "arn:aws:secretsmanager:us-east-1:566287346479:secret:nerava/backend/square-SMAZ4N",
            "description": "Square API credentials",
            "force_overwrite_replica_secret": false,
            "id": "arn:aws:secretsmanager:us-east-1:566287346479:secret:nerava/backend/square-SMAZ4N",
            "kms_key_id": "",
            "name": "nerava/backend/square",
            "name_prefix": "",
            "policy": "",
            "recovery_window_in_days": 30,
            "replica": [],
            "tags": {
              "Name": "nerava-backend-square-secret"
            },
            "tags_all": {
              "Environment": "prod",
              "ManagedBy": "Terraform",
              "Name": "nerava-backend-square-secret",
              "Project": "Nerava"
            }
          },
          "sensitive_attributes": [],
          "private": "bnVsbA=="
        }
      ]
    },
    {
      "mode": "managed",
      "type": "aws_secretsmanager_secret",
      "name": "backend_stripe",
      "provider": "provider[\"registry.terraform.io/hashicorp/aws\"]",
      "instances": [
        {
          "schema_version": 0,
          "attributes": {
            "arn": "arn:aws:secretsmanager:us-east-1:566287346479:secret:nerava/backend/stripe-KI8vg5",
            "description": "Stripe API credentials",
            "force_overwrite_replica_secret": false,
            "id": "arn:aws:secretsmanager:us-east-1:566287346479:secret:nerava/backend/stripe-KI8vg5",
            "kms_key_id": "",
            "name": "nerava/backend/stripe",
            "name_prefix": "",
            "policy": "",
            "recovery_window_in_days": 30,
            "replica": [],
            "tags": {
              "Name": "nerava-backend-stripe-secret"
            },
            "tags_all": {
              "Environment": "prod",
              "ManagedBy": "Terraform",
              "Name": "nerava-backend-stripe-secret",
              "Project": "Nerava"
            }
          },
          "sensitive_attributes": [],
          "private": "bnVsbA=="
        }
      ]
    },
    {
      "mode": "managed",
      "type": "aws_secretsmanager_secret",
      "name": "backend_token_encryption_key",
      "provider": "provider[\"registry.terraform.io/hashicorp/aws\"]",
      "instances": [
        {
          "schema_version": 0,
          "attributes": {
            "arn": "arn:aws:secretsmanager:us-east-1:566287346479:secret:nerava/backend/token-encryption-key-qKpHHN",
            "description": "Fernet key for token encryption",
            "force_overwrite_replica_secret": false,
            "id": "arn:aws:secretsmanager:us-east-1:566287346479:secret:nerava/backend/token-encryption-key-qKpHHN",
            "kms_key_id": "",
            "name": "nerava/backend/token-encryption-key",
            "name_prefix": "",
            "policy": "",
            "recovery_window_in_days": 30,
            "replica": [],
            "tags": {
              "Name": "nerava-backend-token-encryption-key"
            },
            "tags_all": {
              "Environment": "prod",
              "ManagedBy": "Terraform",
              "Name": "nerava-backend-token-encryption-key",
              "Project": "Nerava"
            }
          },
          "sensitive_attributes": [],
          "private": "bnVsbA=="
        }
      ]
    },
    {
      "mode": "managed",
      "type": "aws_secretsmanager_secret",
      "name": "backend_twilio",
      "provider": "provider[\"registry.terraform.io/hashicorp/aws\"]",
      "instances": [
        {
          "schema_version": 0,
          "attributes": {
            "arn": "arn:aws:secretsmanager:us-east-1:566287346479:secret:nerava/backend/twilio-FGPF03",
            "description": "Twilio API credentials",
            "force_overwrite_replica_secret": false,
            "id": "arn:aws:secretsmanager:us-east-1:566287346479:secret:nerava/backend/twilio-FGPF03",
            "kms_key_id": "",
            "name": "nerava/backend/twilio",
            "name_prefix": "",
            "policy": "",
            "recovery_window_in_days": 30,
            "replica": [],
            "tags": {
              "Name": "nerava-backend-twilio-secret"
            },
            "tags_all": {
              "Environment": "prod",
              "ManagedBy": "Terraform",
              "Name": "nerava-backend-twilio-secret",
              "Project": "Nerava"
            }
          },
          "sensitive_attributes": [],
          "private": "bnVsbA=="
        }
      ]
    },
    {
      "mode": "managed",
      "type": "aws_secretsmanager_secret_version",
      "name": "backend_database",
      "provider": "provider[\"registry.terraform.io/hashicorp/aws\"]",
      "instances": [
        {
          "schema_version": 0,
          "attributes": {
            "arn": "arn:aws:secretsmanager:us-east-1:566287346479:secret:nerava/backend/database-ZIdonM",
            "has_secret_string_wo": null,
            "id": "arn:aws:secretsmanager:us-east-1:566287346479:secret:nerava/backend/database-ZIdonM|terraform-20260106165848695900000011",
            "secret_binary": "",
            "secret_id": "arn:aws:secretsmanager:us-east-1:566287346479:secret:nerava/backend/database-ZIdonM",
            "secret_string": "postgresql://nerava_admin:)dM2%\u003c!\u003e%Hw$D!w)qz)cb\u003e_5Fgm[([f9@PLACEHOLDER_RDS_ENDPOINT:5432/nerava",
            "secret_string_wo": null,
            "secret_string_wo_version": null,
            "version_id": "terraform-20260106165848695900000011",
            "version_stages": [
              "AWSCURRENT"
            ]
          },
          "sensitive_attributes": [
            [
              {
                "type": "get_attr",
                "value": "secret_string"
              }
            ]
          ],
          "private": "bnVsbA==",
          "dependencies": [
            "aws_secretsmanager_secret.backend_database",
            "random_password.db_password"
          ]
        }
      ]
    },
    {
      "mode": "managed",
      "type": "aws_secretsmanager_secret_version",
      "name": "backend_google",
      "provider": "provider[\"registry.terraform.io/hashicorp/aws\"]",
      "instances": [
        {
          "schema_version": 0,
          "attributes": {
            "arn": "arn:aws:secretsmanager:us-east-1:566287346479:secret:nerava/backend/google-1qJch8",
            "has_secret_string_wo": null,
            "id": "arn:aws:secretsmanager:us-east-1:566287346479:secret:nerava/backend/google-1qJch8|terraform-20260106165848766100000014",
            "secret_binary": "",
            "secret_id": "arn:aws:secretsmanager:us-east-1:566287346479:secret:nerava/backend/google-1qJch8",
            "secret_string": "{\"client_id\":\"CHANGE_ME\",\"oauth_client_id\":\"CHANGE_ME\",\"oauth_client_secret\":\"CHANGE_ME\",\"places_api_key\":\"CHANGE_ME\",\"redirect_uri\":\"https://api.nerava.network/v1/merchants/google/callback\"}",
            "secret_string_wo": null,
            "secret_string_wo_version": null,
            "version_id": "terraform-20260106165848766100000014",
            "version_stages": [
              "AWSCURRENT"
            ]
          },
          "sensitive_attributes": [],
          "private": "bnVsbA==",
          "dependencies": [
            "aws_secretsmanager_secret.backend_google"
          ]
        }
      ]
    },
    {
      "mode": "managed",
      "type": "aws_secretsmanager_secret_version",
      "name": "backend_jwt_secret",
      "provider": "provider[\"registry.terraform.io/hashicorp/aws\"]",
      "instances": [
        {
          "schema_version": 0,
          "attributes": {
            "arn": "arn:aws:secretsmanager:us-east-1:566287346479:secret:nerava/backend/jwt-secret-eEFkD3",
            "has_secret_string_wo": null,
            "id": "arn:aws:secretsmanager:us-east-1:566287346479:secret:nerava/backend/jwt-secret-eEFkD3|terraform-2026010616584815440000000d",
            "secret_binary": "",
            "secret_id": "arn:aws:secretsmanager:us-east-1:566287346479:secret:nerava/backend/jwt-secret-eEFkD3",
            "secret_string": "CHANGE_ME_GENERATE_WITH_PYTHON_SECRETS_TOKEN_URLSAFE",
            "secret_string_wo": null,
            "secret_string_wo_version": null,
            "version_id": "terraform-2026010616584815440000000d",
            "version_stages": [
              "AWSCURRENT"
            ]
          },
          "sensitive_attributes": [],
          "private": "bnVsbA==",
          "dependencies": [
            "aws_secretsmanager_secret.backend_jwt_secret"
          ]
        }
      ]
    },
    {
      "mode": "managed",
      "type": "aws_secretsmanager_secret_version",
      "name": "backend_posthog",
      "provider": "provider[\"registry.terraform.io/hashicorp/aws\"]",
      "instances": [
        {
          "schema_version": 0,
          "attributes": {
            "arn": "arn:aws:secretsmanager:us-east-1:566287346479:secret:nerava/backend/posthog-cUh9Pb",
            "has_secret_string_wo": null,
            "id": "arn:aws:secretsmanager:us-east-1:566287346479:secret:nerava/backend/posthog-cUh9Pb|terraform-2026010616584815440000000c",
            "secret_binary": "",
            "secret_id": "arn:aws:secretsmanager:us-east-1:566287346479:secret:nerava/backend/posthog-cUh9Pb",
            "secret_string": "CHANGE_ME_OR_LEAVE_EMPTY_IF_NOT_USED",
            "secret_string_wo": null,
            "secret_string_wo_version": null,
            "version_id": "terraform-2026010616584815440000000c",
            "version_stages": [
              "AWSCURRENT"
            ]
          },
          "sensitive_attributes": [],
          "private": "bnVsbA==",
          "dependencies": [
            "aws_secretsmanager_secret.backend_posthog"
          ]
        }
      ]
    },
    {
      "mode": "managed",
      "type": "aws_secretsmanager_secret_version",
      "name": "backend_smartcar",
      "provider": "provider[\"registry.terraform.io/hashicorp/aws\"]",
      "instances": [
        {
          "schema_version": 0,
          "attributes": {
            "arn": "arn:aws:secretsmanager:us-east-1:566287346479:secret:nerava/backend/smartcar-REDGQK",
            "has_secret_string_wo": null,
            "id": "arn:aws:secretsmanager:us-east-1:566287346479:secret:nerava/backend/smartcar-REDGQK|terraform-20260106165848695400000010",
            "secret_binary": "",
            "secret_id": "arn:aws:secretsmanager:us-east-1:566287346479:secret:nerava/backend/smartcar-REDGQK",
            "secret_string": "{\"client_id\":\"CHANGE_ME\",\"client_secret\":\"CHANGE_ME\",\"mode\":\"live\",\"redirect_uri\":\"https://api.nerava.network/oauth/smartcar/callback\",\"state_secret\":\"CHANGE_ME_GENERATE_SECURE_RANDOM\"}",
            "secret_string_wo": null,
            "secret_string_wo_version": null,
            "version_id": "terraform-20260106165848695400000010",
            "version_stages": [
              "AWSCURRENT"
            ]
          },
          "sensitive_attributes": [],
          "private": "bnVsbA==",
          "dependencies": [
            "aws_secretsmanager_secret.backend_smartcar"
          ]
        }
      ]
    },
    {
      "mode": "managed",
      "type": "aws_secretsmanager_secret_version",
      "name": "backend_square",
      "provider": "provider[\"registry.terraform.io/hashicorp/aws\"]",
      "instances": [
        {
          "schema_version": 0,
          "attributes": {
            "arn": "arn:aws:secretsmanager:us-east-1:566287346479:secret:nerava/backend/square-SMAZ4N",
            "has_secret_string_wo": null,
            "id": "arn:aws:secretsmanager:us-east-1:566287346479:secret:nerava/backend/square-SMAZ4N|terraform-20260106165848751500000012",
            "secret_binary": "",
            "secret_id": "arn:aws:secretsmanager:us-east-1:566287346479:secret:nerava/backend/square-SMAZ4N",
            "secret_string": "{\"application_id\":\"CHANGE_ME\",\"application_secret\":\"CHANGE_ME\",\"env\":\"production\",\"redirect_url\":\"https://api.nerava.network/v1/merchants/square/callback\",\"webhook_signature_key\":\"CHANGE_ME\"}",
            "secret_string_wo": null,
            "secret_string_wo_version": null,
            "version_id": "terraform-20260106165848751500000012",
            "version_stages": [
              "AWSCURRENT"
            ]
          },
          "sensitive_attributes": [],
          "private": "bnVsbA==",
          "dependencies": [
            "aws_secretsmanager_secret.backend_square"
          ]
        }
      ]
    },
    {
      "mode": "managed",
      "type": "aws_secretsmanager_secret_version",
      "name": "backend_stripe",
      "provider": "provider[\"registry.terraform.io/hashicorp/aws\"]",
      "instances": [
        {
          "schema_version": 0,
          "attributes": {
            "arn": "arn:aws:secretsmanager:us-east-1:566287346479:secret:nerava/backend/stripe-KI8vg5",
            "has_secret_string_wo": null,
            "id": "arn:aws:secretsmanager:us-east-1:566287346479:secret:nerava/backend/stripe-KI8vg5|terraform-2026010616584840950000000f",
            "secret_binary": "",
            "secret_id": "arn:aws:secretsmanager:us-east-1:566287346479:secret:nerava/backend/stripe-KI8vg5",
            "secret_string": "{\"connect_client_id\":\"CHANGE_ME\",\"secret_key\":\"CHANGE_ME\",\"webhook_secret\":\"CHANGE_ME\"}",
            "secret_string_wo": null,
            "secret_string_wo_version": null,
            "version_id": "terraform-2026010616584840950000000f",
            "version_stages": [
              "AWSCURRENT"
            ]
          },
          "sensitive_attributes": [],
          "private": "bnVsbA==",
          "dependencies": [
            "aws_secretsmanager_secret.backend_stripe"
          ]
        }
      ]
    },
    {
      "mode": "managed",
      "type": "aws_secretsmanager_secret_version",
      "name": "backend_token_encryption_key",
      "provider": "provider[\"registry.terraform.io/hashicorp/aws\"]",
      "instances": [
        {
          "schema_version": 0,
          "attributes": {
            "arn": "arn:aws:secretsmanager:us-east-1:566287346479:secret:nerava/backend/token-encryption-key-qKpHHN",
            "has_secret_string_wo": null,
            "id": "arn:aws:secretsmanager:us-east-1:566287346479:secret:nerava/backend/token-encryption-key-qKpHHN|terraform-20260106165848751500000013",
            "secret_binary": "",
            "secret_id": "arn:aws:secretsmanager:us-east-1:566287346479:secret:nerava/backend/token-encryption-key-qKpHHN",
            "secret_string": "CHANGE_ME_GENERATE_WITH_CRYPTOGRAPHY_FERNET_GENERATE_KEY",
            "secret_string_wo": null,
            "secret_string_wo_version": null,
            "version_id": "terraform-20260106165848751500000013",
            "version_stages": [
              "AWSCURRENT"
            ]
          },
          "sensitive_attributes": [],
          "private": "bnVsbA==",
          "dependencies": [
            "aws_secretsmanager_secret.backend_token_encryption_key"
          ]
        }
      ]
    },
    {
      "mode": "managed",
      "type": "aws_secretsmanager_secret_version",
      "name": "backend_twilio",
      "provider": "provider[\"registry.terraform.io/hashicorp/aws\"]",
      "instances": [
        {
          "schema_version": 0,
          "attributes": {
            "arn": "arn:aws:secretsmanager:us-east-1:566287346479:secret:nerava/backend/twilio-FGPF03",
            "has_secret_string_wo": null,
            "id": "arn:aws:secretsmanager:us-east-1:566287346479:secret:nerava/backend/twilio-FGPF03|terraform-2026010616584820050000000e",
            "secret_binary": "",
            "secret_id": "arn:aws:secretsmanager:us-east-1:566287346479:secret:nerava/backend/twilio-FGPF03",
            "secret_string": "{\"account_sid\":\"CHANGE_ME\",\"auth_token\":\"CHANGE_ME\",\"from_number\":\"\",\"verify_service_sid\":\"CHANGE_ME\"}",
            "secret_string_wo": null,
            "secret_string_wo_version": null,
            "version_id": "terraform-2026010616584820050000000e",
            "version_stages": [
              "AWSCURRENT"
            ]
          },
          "sensitive_attributes": [],
          "private": "bnVsbA==",
          "dependencies": [
            "aws_secretsmanager_secret.backend_twilio"
          ]
        }
      ]
    },
    {
      "mode": "managed",
      "type": "aws_security_group",
      "name": "alb",
      "provider": "provider[\"registry.terraform.io/hashicorp/aws\"]",
      "instances": [
        {
          "schema_version": 1,
          "attributes": {
            "arn": "arn:aws:ec2:us-east-1:566287346479:security-group/sg-0645ece793fbab67e",
            "description": "Security group for Application Load Balancer",
            "egress": [
              {
                "cidr_blocks": [
                  "0.0.0.0/0"
                ],
                "description": "Allow all outbound",
                "from_port": 0,
                "ipv6_cidr_blocks": [],
                "prefix_list_ids": [],
                "protocol": "-1",
                "security_groups": [],
                "self": false,
                "to_port": 0
              }
            ],
            "id": "sg-0645ece793fbab67e",
            "ingress": [
              {
                "cidr_blocks": [
                  "0.0.0.0/0"
                ],
                "description": "HTTP from anywhere",
                "from_port": 80,
                "ipv6_cidr_blocks": [],
                "prefix_list_ids": [],
                "protocol": "tcp",
                "security_groups": [],
                "self": false,
                "to_port": 80
              },
              {
                "cidr_blocks": [
                  "0.0.0.0/0"
                ],
                "description": "HTTPS from anywhere",
                "from_port": 443,
                "ipv6_cidr_blocks": [],
                "prefix_list_ids": [],
                "protocol": "tcp",
                "security_groups": [],
                "self": false,
                "to_port": 443
              }
            ],
            "name": "nerava-alb-sg",
            "name_prefix": "",
            "owner_id": "566287346479",
            "revoke_rules_on_delete": false,
            "tags": {
              "Name": "nerava-alb-sg"
            },
            "tags_all": {
              "Environment": "prod",
              "ManagedBy": "Terraform",
              "Name": "nerava-alb-sg",
              "Project": "Nerava"
            },
            "timeouts": null,
            "vpc_id": "vpc-0abebbfe3f8e8c5d9"
          },
          "sensitive_attributes": [],
          "private": "eyJlMmJmYjczMC1lY2FhLTExZTYtOGY4OC0zNDM2M2JjN2M0YzAiOnsiY3JlYXRlIjo2MDAwMDAwMDAwMDAsImRlbGV0ZSI6OTAwMDAwMDAwMDAwfSwic2NoZW1hX3ZlcnNpb24iOiIxIn0=",
          "dependencies": [
            "aws_vpc.main"
          ]
        }
      ]
    },
    {
      "mode": "managed",
      "type": "aws_security_group",
      "name": "ecs_tasks",
      "provider": "provider[\"registry.terraform.io/hashicorp/aws\"]",
      "instances": [
        {
          "schema_version": 1,
          "attributes": {
            "arn": "arn:aws:ec2:us-east-1:566287346479:security-group/sg-0b724c6d740cea9df",
            "description": "Security group for ECS tasks",
            "egress": [
              {
                "cidr_blocks": [
                  "0.0.0.0/0"
                ],
                "description": "Allow all outbound",
                "from_port": 0,
                "ipv6_cidr_blocks": [],
                "prefix_list_ids": [],
                "protocol": "-1",
                "security_groups": [],
                "self": false,
                "to_port": 0
              }
            ],
            "id": "sg-0b724c6d740cea9df",
            "ingress": [
              {
                "cidr_blocks": [],
                "description": "Allow traffic from ALB",
                "from_port": 0,
                "ipv6_cidr_blocks": [],
                "prefix_list_ids": [],
                "protocol": "tcp",
                "security_groups": [
                  "sg-0645ece793fbab67e"
                ],
                "self": false,
                "to_port": 65535
              }
            ],
            "name": "nerava-ecs-tasks-sg",
            "name_prefix": "",
            "owner_id": "566287346479",
            "revoke_rules_on_delete": false,
            "tags": {
              "Name": "nerava-ecs-tasks-sg"
            },
            "tags_all": {
              "Environment": "prod",
              "ManagedBy": "Terraform",
              "Name": "nerava-ecs-tasks-sg",
              "Project": "Nerava"
            },
            "timeouts": null,
            "vpc_id": "vpc-0abebbfe3f8e8c5d9"
          },
          "sensitive_attributes": [],
          "private": "eyJlMmJmYjczMC1lY2FhLTExZTYtOGY4OC0zNDM2M2JjN2M0YzAiOnsiY3JlYXRlIjo2MDAwMDAwMDAwMDAsImRlbGV0ZSI6OTAwMDAwMDAwMDAwfSwic2NoZW1hX3ZlcnNpb24iOiIxIn0=",
          "dependencies": [
            "aws_security_group.alb",
            "aws_vpc.main"
          ]
        }
      ]
    },
    {
      "mode": "managed",
      "type": "aws_security_group",
      "name": "rds",
      "provider": "provider[\"registry.terraform.io/hashicorp/aws\"]",
      "instances": [
        {
          "schema_version": 1,
          "attributes": {
            "arn": "arn:aws:ec2:us-east-1:566287346479:security-group/sg-0ea0c4a1a333b2265",
            "description": "Security group for RDS PostgreSQL",
            "egress": [
              {
                "cidr_blocks": [
                  "0.0.0.0/0"
                ],
                "description": "Allow all outbound",
                "from_port": 0,
                "ipv6_cidr_blocks": [],
                "prefix_list_ids": [],
                "protocol": "-1",
                "security_groups": [],
                "self": false,
                "to_port": 0
              }
            ],
            "id": "sg-0ea0c4a1a333b2265",
            "ingress": [
              {
                "cidr_blocks": [],
                "description": "PostgreSQL from ECS tasks",
                "from_port": 5432,
                "ipv6_cidr_blocks": [],
                "prefix_list_ids": [],
                "protocol": "tcp",
                "security_groups": [
                  "sg-0b724c6d740cea9df"
                ],
                "self": false,
                "to_port": 5432
              }
            ],
            "name": "nerava-rds-sg",
            "name_prefix": "",
            "owner_id": "566287346479",
            "revoke_rules_on_delete": false,
            "tags": {
              "Name": "nerava-rds-sg"
            },
            "tags_all": {
              "Environment": "prod",
              "ManagedBy": "Terraform",
              "Name": "nerava-rds-sg",
              "Project": "Nerava"
            },
            "timeouts": null,
            "vpc_id": "vpc-0abebbfe3f8e8c5d9"
          },
          "sensitive_attributes": [],
          "private": "eyJlMmJmYjczMC1lY2FhLTExZTYtOGY4OC0zNDM2M2JjN2M0YzAiOnsiY3JlYXRlIjo2MDAwMDAwMDAwMDAsImRlbGV0ZSI6OTAwMDAwMDAwMDAwfSwic2NoZW1hX3ZlcnNpb24iOiIxIn0=",
          "dependencies": [
            "aws_security_group.alb",
            "aws_security_group.ecs_tasks",
            "aws_vpc.main"
          ]
        }
      ]
    },
    {
      "mode": "managed",
      "type": "aws_subnet",
      "name": "private",
      "provider": "provider[\"registry.terraform.io/hashicorp/aws\"]",
      "instances": [
        {
          "index_key": 0,
          "schema_version": 1,
          "attributes": {
            "arn": "arn:aws:ec2:us-east-1:566287346479:subnet/subnet-09e93ac439f055433",
            "assign_ipv6_address_on_creation": false,
            "availability_zone": "us-east-1a",
            "availability_zone_id": "use1-az1",
            "cidr_block": "10.0.10.0/24",
            "customer_owned_ipv4_pool": "",
            "enable_dns64": false,
            "enable_lni_at_device_index": 0,
            "enable_resource_name_dns_a_record_on_launch": false,
            "enable_resource_name_dns_aaaa_record_on_launch": false,
            "id": "subnet-09e93ac439f055433",
            "ipv6_cidr_block": "",
            "ipv6_cidr_block_association_id": "",
            "ipv6_native": false,
            "map_customer_owned_ip_on_launch": false,
            "map_public_ip_on_launch": false,
            "outpost_arn": "",
            "owner_id": "566287346479",
            "private_dns_hostname_type_on_launch": "ip-name",
            "tags": {
              "Name": "nerava-private-subnet-1",
              "Type": "private"
            },
            "tags_all": {
              "Environment": "prod",
              "ManagedBy": "Terraform",
              "Name": "nerava-private-subnet-1",
              "Project": "Nerava",
              "Type": "private"
            },
            "timeouts": null,
            "vpc_id": "vpc-0abebbfe3f8e8c5d9"
          },
          "sensitive_attributes": [],
          "private": "eyJlMmJmYjczMC1lY2FhLTExZTYtOGY4OC0zNDM2M2JjN2M0YzAiOnsiY3JlYXRlIjo2MDAwMDAwMDAwMDAsImRlbGV0ZSI6MTIwMDAwMDAwMDAwMH0sInNjaGVtYV92ZXJzaW9uIjoiMSJ9",
          "dependencies": [
            "aws_vpc.main"
          ]
        },
        {
          "index_key": 1,
          "schema_version": 1,
          "attributes": {
            "arn": "arn:aws:ec2:us-east-1:566287346479:subnet/subnet-0799f57a84cdb0671",
            "assign_ipv6_address_on_creation": false,
            "availability_zone": "us-east-1b",
            "availability_zone_id": "use1-az2",
            "cidr_block": "10.0.11.0/24",
            "customer_owned_ipv4_pool": "",
            "enable_dns64": false,
            "enable_lni_at_device_index": 0,
            "enable_resource_name_dns_a_record_on_launch": false,
            "enable_resource_name_dns_aaaa_record_on_launch": false,
            "id": "subnet-0799f57a84cdb0671",
            "ipv6_cidr_block": "",
            "ipv6_cidr_block_association_id": "",
            "ipv6_native": false,
            "map_customer_owned_ip_on_launch": false,
            "map_public_ip_on_launch": false,
            "outpost_arn": "",
            "owner_id": "566287346479",
            "private_dns_hostname_type_on_launch": "ip-name",
            "tags": {
              "Name": "nerava-private-subnet-2",
              "Type": "private"
            },
            "tags_all": {
              "Environment": "prod",
              "ManagedBy": "Terraform",
              "Name": "nerava-private-subnet-2",
              "Project": "Nerava",
              "Type": "private"
            },
            "timeouts": null,
            "vpc_id": "vpc-0abebbfe3f8e8c5d9"
          },
          "sensitive_attributes": [],
          "private": "eyJlMmJmYjczMC1lY2FhLTExZTYtOGY4OC0zNDM2M2JjN2M0YzAiOnsiY3JlYXRlIjo2MDAwMDAwMDAwMDAsImRlbGV0ZSI6MTIwMDAwMDAwMDAwMH0sInNjaGVtYV92ZXJzaW9uIjoiMSJ9",
          "dependencies": [
            "aws_vpc.main"
          ]
        }
      ]
    },
    {
      "mode": "managed",
      "type": "aws_subnet",
      "name": "public",
      "provider": "provider[\"registry.terraform.io/hashicorp/aws\"]",
      "instances": [
        {
          "index_key": 0,
          "schema_version": 1,
          "attributes": {
            "arn": "arn:aws:ec2:us-east-1:566287346479:subnet/subnet-056d4f7ed5134d6ba",
            "assign_ipv6_address_on_creation": false,
            "availability_zone": "us-east-1a",
            "availability_zone_id": "use1-az1",
            "cidr_block": "10.0.1.0/24",
            "customer_owned_ipv4_pool": "",
            "enable_dns64": false,
            "enable_lni_at_device_index": 0,
            "enable_resource_name_dns_a_record_on_launch": false,
            "enable_resource_name_dns_aaaa_record_on_launch": false,
            "id": "subnet-056d4f7ed5134d6ba",
            "ipv6_cidr_block": "",
            "ipv6_cidr_block_association_id": "",
            "ipv6_native": false,
            "map_customer_owned_ip_on_launch": false,
            "map_public_ip_on_launch": true,
            "outpost_arn": "",
            "owner_id": "566287346479",
            "private_dns_hostname_type_on_launch": "ip-name",
            "tags": {
              "Name": "nerava-public-subnet-1",
              "Type": "public"
            },
            "tags_all": {
              "Environment": "prod",
              "ManagedBy": "Terraform",
              "Name": "nerava-public-subnet-1",
              "Project": "Nerava",
              "Type": "public"
            },
            "timeouts": null,
            "vpc_id": "vpc-0abebbfe3f8e8c5d9"
          },
          "sensitive_attributes": [],
          "private": "eyJlMmJmYjczMC1lY2FhLTExZTYtOGY4OC0zNDM2M2JjN2M0YzAiOnsiY3JlYXRlIjo2MDAwMDAwMDAwMDAsImRlbGV0ZSI6MTIwMDAwMDAwMDAwMH0sInNjaGVtYV92ZXJzaW9uIjoiMSJ9",
          "dependencies": [
            "aws_vpc.main"
          ]
        },
        {
          "index_key": 1,
          "schema_version": 1,
          "attributes": {
            "arn": "arn:aws:ec2:us-east-1:566287346479:subnet/subnet-0444f08a2c28cb5b6",
            "assign_ipv6_address_on_creation": false,
            "availability_zone": "us-east-1b",
            "availability_zone_id": "use1-az2",
            "cidr_block": "10.0.2.0/24",
            "customer_owned_ipv4_pool": "",
            "enable_dns64": false,
            "enable_lni_at_device_index": 0,
            "enable_resource_name_dns_a_record_on_launch": false,
            "enable_resource_name_dns_aaaa_record_on_launch": false,
            "id": "subnet-0444f08a2c28cb5b6",
            "ipv6_cidr_block": "",
            "ipv6_cidr_block_association_id": "",
            "ipv6_native": false,
            "map_customer_owned_ip_on_launch": false,
            "map_public_ip_on_launch": true,
            "outpost_arn": "",
            "owner_id": "566287346479",
            "private_dns_hostname_type_on_launch": "ip-name",
            "tags": {
              "Name": "nerava-public-subnet-2",
              "Type": "public"
            },
            "tags_all": {
              "Environment": "prod",
              "ManagedBy": "Terraform",
              "Name": "nerava-public-subnet-2",
              "Project": "Nerava",
              "Type": "public"
            },
            "timeouts": null,
            "vpc_id": "vpc-0abebbfe3f8e8c5d9"
          },
          "sensitive_attributes": [],
          "private": "eyJlMmJmYjczMC1lY2FhLTExZTYtOGY4OC0zNDM2M2JjN2M0YzAiOnsiY3JlYXRlIjo2MDAwMDAwMDAwMDAsImRlbGV0ZSI6MTIwMDAwMDAwMDAwMH0sInNjaGVtYV92ZXJzaW9uIjoiMSJ9",
          "dependencies": [
            "aws_vpc.main"
          ]
        }
      ]
    },
    {
      "mode": "managed",
      "type": "aws_vpc",
      "name": "main",
      "provider": "provider[\"registry.terraform.io/hashicorp/aws\"]",
      "instances": [
        {
          "schema_version": 1,
          "attributes": {
            "arn": "arn:aws:ec2:us-east-1:566287346479:vpc/vpc-0abebbfe3f8e8c5d9",
            "assign_generated_ipv6_cidr_block": false,
            "cidr_block": "10.0.0.0/16",
            "default_network_acl_id": "acl-02307188fc4ddf79c",
            "default_route_table_id": "rtb-0a32d41f89f617b06",
            "default_security_group_id": "sg-0f771cebca961fe77",
            "dhcp_options_id": "dopt-00cd235e421937f79",
            "enable_dns_hostnames": true,
            "enable_dns_support": true,
            "enable_network_address_usage_metrics": false,
            "id": "vpc-0abebbfe3f8e8c5d9",
            "instance_tenancy": "default",
            "ipv4_ipam_pool_id": null,
            "ipv4_netmask_length": null,
            "ipv6_association_id": "",
            "ipv6_cidr_block": "",
            "ipv6_cidr_block_network_border_group": "",
            "ipv6_ipam_pool_id": "",
            "ipv6_netmask_length": 0,
            "main_route_table_id": "rtb-0a32d41f89f617b06",
            "owner_id": "566287346479",
            "tags": {
              "Name": "nerava-vpc"
            },
            "tags_all": {
              "Environment": "prod",
              "ManagedBy": "Terraform",
              "Name": "nerava-vpc",
              "Project": "Nerava"
            }
          },
          "sensitive_attributes": [],
          "private": "eyJzY2hlbWFfdmVyc2lvbiI6IjEifQ=="
        }
      ]
    },
    {
      "mode": "managed",
      "type": "random_password",
      "name": "db_password",
      "provider": "provider[\"registry.terraform.io/hashicorp/random\"]",
      "instances": [
        {
          "schema_version": 3,
          "attributes": {
            "bcrypt_hash": "$2a$10$W7uAvQgfkqDMJdFwr4RxpekdYibwS7Gxtx6XyTTBdkWUTVMKi4Egq",
            "id": "none",
            "keepers": null,
            "length": 32,
            "lower": true,
            "min_lower": 0,
            "min_numeric": 0,
            "min_special": 0,
            "min_upper": 0,
            "number": true,
            "numeric": true,
            "override_special": "!#$%\u0026*()-_=+[]{}\u003c\u003e:?",
            "result": ")dM2%\u003c!\u003e%Hw$D!w)qz)cb\u003e_5Fgm[([f9",
            "special": true,
            "upper": true
          },
          "sensitive_attributes": []
        }
      ]
    }
  ],
  "check_results": null
}
